// !$*UTF8*$!
{
	archiveVersion = 1;
	classes = {
	};
	objectVersion = 46;
	objects = {

/* Begin PBXBuildFile section */
		18792A131AD28BDF00ACFD3A /* NotificationCenter.framework in Frameworks */ = {isa = PBXBuildFile; fileRef = 18792A121AD28BDF00ACFD3A /* NotificationCenter.framework */; };
		18792A191AD28BDF00ACFD3A /* TodayViewController.m in Sources */ = {isa = PBXBuildFile; fileRef = 18792A181AD28BDF00ACFD3A /* TodayViewController.m */; };
		18792A1B1AD28BDF00ACFD3A /* MainInterface.storyboard in Resources */ = {isa = PBXBuildFile; fileRef = 18792A1A1AD28BDF00ACFD3A /* MainInterface.storyboard */; };
		18792A1E1AD28BDF00ACFD3A /* MainWidget.appex in Embed App Extensions */ = {isa = PBXBuildFile; fileRef = 18792A101AD28BDF00ACFD3A /* MainWidget.appex */; settings = {ATTRIBUTES = (RemoveHeadersOnCopy, ); }; };
		18792A281AD2AB5C00ACFD3A /* MainViewController.m in Sources */ = {isa = PBXBuildFile; fileRef = 18792A271AD2AB5C00ACFD3A /* MainViewController.m */; };
		18792A2B1AD2B3C800ACFD3A /* FeedingViewController.m in Sources */ = {isa = PBXBuildFile; fileRef = 18792A2A1AD2B3C800ACFD3A /* FeedingViewController.m */; };
		18792A2E1AD2B40B00ACFD3A /* SleepViewController.m in Sources */ = {isa = PBXBuildFile; fileRef = 18792A2D1AD2B40B00ACFD3A /* SleepViewController.m */; };
		18792A311AD2B42000ACFD3A /* MedicineViewController.m in Sources */ = {isa = PBXBuildFile; fileRef = 18792A301AD2B42000ACFD3A /* MedicineViewController.m */; };
		18792A371AD2B55300ACFD3A /* LoginViewController.m in Sources */ = {isa = PBXBuildFile; fileRef = 18792A361AD2B55300ACFD3A /* LoginViewController.m */; };
		18792A3A1AD2B56400ACFD3A /* RegisterIDViewController.m in Sources */ = {isa = PBXBuildFile; fileRef = 18792A391AD2B56400ACFD3A /* RegisterIDViewController.m */; };
		18792A3D1AD2B5E700ACFD3A /* PooViewController.m in Sources */ = {isa = PBXBuildFile; fileRef = 18792A3C1AD2B5E700ACFD3A /* PooViewController.m */; };
		18792A471AD3117D00ACFD3A /* MainTableViewCell.m in Sources */ = {isa = PBXBuildFile; fileRef = 18792A461AD3117D00ACFD3A /* MainTableViewCell.m */; };
		18792A4A1AD3DBA500ACFD3A /* LoginModel.m in Sources */ = {isa = PBXBuildFile; fileRef = 18792A491AD3DBA500ACFD3A /* LoginModel.m */; };
		18792A4D1AD4801800ACFD3A /* RegisterIDModel.m in Sources */ = {isa = PBXBuildFile; fileRef = 18792A4C1AD4801800ACFD3A /* RegisterIDModel.m */; };
		6F47E9971ACE4ECC0030DFA8 /* main.m in Sources */ = {isa = PBXBuildFile; fileRef = 6F47E9961ACE4ECC0030DFA8 /* main.m */; };
		6F47E99A1ACE4ECC0030DFA8 /* AppDelegate.m in Sources */ = {isa = PBXBuildFile; fileRef = 6F47E9991ACE4ECC0030DFA8 /* AppDelegate.m */; };
		6F47E99D1ACE4ECC0030DFA8 /* ViewController.m in Sources */ = {isa = PBXBuildFile; fileRef = 6F47E99C1ACE4ECC0030DFA8 /* ViewController.m */; };
		6F47E9A01ACE4ECC0030DFA8 /* Main.storyboard in Resources */ = {isa = PBXBuildFile; fileRef = 6F47E99E1ACE4ECC0030DFA8 /* Main.storyboard */; };
		6F47E9A21ACE4ECC0030DFA8 /* Images.xcassets in Resources */ = {isa = PBXBuildFile; fileRef = 6F47E9A11ACE4ECC0030DFA8 /* Images.xcassets */; };
		6F47E9A51ACE4ECC0030DFA8 /* LaunchScreen.xib in Resources */ = {isa = PBXBuildFile; fileRef = 6F47E9A31ACE4ECC0030DFA8 /* LaunchScreen.xib */; };
		6F47E9B11ACE4ECC0030DFA8 /* ImFine_storyboard_samplesTests.m in Sources */ = {isa = PBXBuildFile; fileRef = 6F47E9B01ACE4ECC0030DFA8 /* ImFine_storyboard_samplesTests.m */; };
		DC8FAA0E1AE1AAF600B8EE7F /* feeding.png in Resources */ = {isa = PBXBuildFile; fileRef = DC8FAA0A1AE1AAF600B8EE7F /* feeding.png */; };
		DC8FAA0F1AE1AAF600B8EE7F /* medicine.png in Resources */ = {isa = PBXBuildFile; fileRef = DC8FAA0B1AE1AAF600B8EE7F /* medicine.png */; };
		DC8FAA101AE1AAF600B8EE7F /* poo.png in Resources */ = {isa = PBXBuildFile; fileRef = DC8FAA0C1AE1AAF600B8EE7F /* poo.png */; };
		DC8FAA111AE1AAF600B8EE7F /* sleep.png in Resources */ = {isa = PBXBuildFile; fileRef = DC8FAA0D1AE1AAF600B8EE7F /* sleep.png */; };
		DC8FAA131AE1AB8800B8EE7F /* camera.png in Resources */ = {isa = PBXBuildFile; fileRef = DC8FAA121AE1AB8800B8EE7F /* camera.png */; };
/* End PBXBuildFile section */

/* Begin PBXContainerItemProxy section */
		18792A1C1AD28BDF00ACFD3A /* PBXContainerItemProxy */ = {
			isa = PBXContainerItemProxy;
			containerPortal = 6F47E9891ACE4ECC0030DFA8 /* Project object */;
			proxyType = 1;
			remoteGlobalIDString = 18792A0F1AD28BDF00ACFD3A;
			remoteInfo = MainWidget;
		};
		6F47E9AB1ACE4ECC0030DFA8 /* PBXContainerItemProxy */ = {
			isa = PBXContainerItemProxy;
			containerPortal = 6F47E9891ACE4ECC0030DFA8 /* Project object */;
			proxyType = 1;
			remoteGlobalIDString = 6F47E9901ACE4ECC0030DFA8;
			remoteInfo = ImFine_storyboard_samples;
		};
/* End PBXContainerItemProxy section */

/* Begin PBXCopyFilesBuildPhase section */
		18792A221AD28BDF00ACFD3A /* Embed App Extensions */ = {
			isa = PBXCopyFilesBuildPhase;
			buildActionMask = 2147483647;
			dstPath = "";
			dstSubfolderSpec = 13;
			files = (
				18792A1E1AD28BDF00ACFD3A /* MainWidget.appex in Embed App Extensions */,
			);
			name = "Embed App Extensions";
			runOnlyForDeploymentPostprocessing = 0;
		};
/* End PBXCopyFilesBuildPhase section */

/* Begin PBXFileReference section */
		18792A101AD28BDF00ACFD3A /* MainWidget.appex */ = {isa = PBXFileReference; explicitFileType = "wrapper.app-extension"; includeInIndex = 0; path = MainWidget.appex; sourceTree = BUILT_PRODUCTS_DIR; };
		18792A121AD28BDF00ACFD3A /* NotificationCenter.framework */ = {isa = PBXFileReference; lastKnownFileType = wrapper.framework; name = NotificationCenter.framework; path = System/Library/Frameworks/NotificationCenter.framework; sourceTree = SDKROOT; };
		18792A161AD28BDF00ACFD3A /* Info.plist */ = {isa = PBXFileReference; lastKnownFileType = text.plist.xml; path = Info.plist; sourceTree = "<group>"; };
		18792A171AD28BDF00ACFD3A /* TodayViewController.h */ = {isa = PBXFileReference; lastKnownFileType = sourcecode.c.h; path = TodayViewController.h; sourceTree = "<group>"; };
		18792A181AD28BDF00ACFD3A /* TodayViewController.m */ = {isa = PBXFileReference; lastKnownFileType = sourcecode.c.objc; path = TodayViewController.m; sourceTree = "<group>"; };
		18792A1A1AD28BDF00ACFD3A /* MainInterface.storyboard */ = {isa = PBXFileReference; lastKnownFileType = file.storyboard; path = MainInterface.storyboard; sourceTree = "<group>"; };
		18792A261AD2AB5C00ACFD3A /* MainViewController.h */ = {isa = PBXFileReference; fileEncoding = 4; lastKnownFileType = sourcecode.c.h; name = MainViewController.h; path = ../MainViewController.h; sourceTree = "<group>"; };
		18792A271AD2AB5C00ACFD3A /* MainViewController.m */ = {isa = PBXFileReference; fileEncoding = 4; lastKnownFileType = sourcecode.c.objc; name = MainViewController.m; path = ../MainViewController.m; sourceTree = "<group>"; };
		18792A291AD2B3C800ACFD3A /* FeedingViewController.h */ = {isa = PBXFileReference; fileEncoding = 4; lastKnownFileType = sourcecode.c.h; path = FeedingViewController.h; sourceTree = "<group>"; };
		18792A2A1AD2B3C800ACFD3A /* FeedingViewController.m */ = {isa = PBXFileReference; fileEncoding = 4; lastKnownFileType = sourcecode.c.objc; path = FeedingViewController.m; sourceTree = "<group>"; };
		18792A2C1AD2B40B00ACFD3A /* SleepViewController.h */ = {isa = PBXFileReference; fileEncoding = 4; lastKnownFileType = sourcecode.c.h; path = SleepViewController.h; sourceTree = "<group>"; };
		18792A2D1AD2B40B00ACFD3A /* SleepViewController.m */ = {isa = PBXFileReference; fileEncoding = 4; lastKnownFileType = sourcecode.c.objc; path = SleepViewController.m; sourceTree = "<group>"; };
		18792A2F1AD2B42000ACFD3A /* MedicineViewController.h */ = {isa = PBXFileReference; fileEncoding = 4; lastKnownFileType = sourcecode.c.h; path = MedicineViewController.h; sourceTree = "<group>"; };
		18792A301AD2B42000ACFD3A /* MedicineViewController.m */ = {isa = PBXFileReference; fileEncoding = 4; lastKnownFileType = sourcecode.c.objc; path = MedicineViewController.m; sourceTree = "<group>"; };
		18792A351AD2B55300ACFD3A /* LoginViewController.h */ = {isa = PBXFileReference; fileEncoding = 4; lastKnownFileType = sourcecode.c.h; path = LoginViewController.h; sourceTree = "<group>"; };
		18792A361AD2B55300ACFD3A /* LoginViewController.m */ = {isa = PBXFileReference; fileEncoding = 4; lastKnownFileType = sourcecode.c.objc; path = LoginViewController.m; sourceTree = "<group>"; };
		18792A381AD2B56400ACFD3A /* RegisterIDViewController.h */ = {isa = PBXFileReference; fileEncoding = 4; lastKnownFileType = sourcecode.c.h; path = RegisterIDViewController.h; sourceTree = "<group>"; };
		18792A391AD2B56400ACFD3A /* RegisterIDViewController.m */ = {isa = PBXFileReference; fileEncoding = 4; lastKnownFileType = sourcecode.c.objc; path = RegisterIDViewController.m; sourceTree = "<group>"; };
		18792A3B1AD2B5E700ACFD3A /* PooViewController.h */ = {isa = PBXFileReference; fileEncoding = 4; lastKnownFileType = sourcecode.c.h; name = PooViewController.h; path = ../PooViewController.h; sourceTree = "<group>"; };
		18792A3C1AD2B5E700ACFD3A /* PooViewController.m */ = {isa = PBXFileReference; fileEncoding = 4; lastKnownFileType = sourcecode.c.objc; name = PooViewController.m; path = ../PooViewController.m; sourceTree = "<group>"; };
		18792A451AD3117D00ACFD3A /* MainTableViewCell.h */ = {isa = PBXFileReference; fileEncoding = 4; lastKnownFileType = sourcecode.c.h; path = MainTableViewCell.h; sourceTree = "<group>"; };
		18792A461AD3117D00ACFD3A /* MainTableViewCell.m */ = {isa = PBXFileReference; fileEncoding = 4; lastKnownFileType = sourcecode.c.objc; path = MainTableViewCell.m; sourceTree = "<group>"; };
		18792A481AD3DBA500ACFD3A /* LoginModel.h */ = {isa = PBXFileReference; fileEncoding = 4; lastKnownFileType = sourcecode.c.h; path = LoginModel.h; sourceTree = "<group>"; };
		18792A491AD3DBA500ACFD3A /* LoginModel.m */ = {isa = PBXFileReference; fileEncoding = 4; lastKnownFileType = sourcecode.c.objc; path = LoginModel.m; sourceTree = "<group>"; };
		18792A4B1AD4801800ACFD3A /* RegisterIDModel.h */ = {isa = PBXFileReference; fileEncoding = 4; lastKnownFileType = sourcecode.c.h; path = RegisterIDModel.h; sourceTree = "<group>"; };
		18792A4C1AD4801800ACFD3A /* RegisterIDModel.m */ = {isa = PBXFileReference; fileEncoding = 4; lastKnownFileType = sourcecode.c.objc; path = RegisterIDModel.m; sourceTree = "<group>"; };
		6F47E9911ACE4ECC0030DFA8 /* ImFine_storyboard_samples.app */ = {isa = PBXFileReference; explicitFileType = wrapper.application; includeInIndex = 0; path = ImFine_storyboard_samples.app; sourceTree = BUILT_PRODUCTS_DIR; };
		6F47E9951ACE4ECC0030DFA8 /* Info.plist */ = {isa = PBXFileReference; lastKnownFileType = text.plist.xml; path = Info.plist; sourceTree = "<group>"; };
		6F47E9961ACE4ECC0030DFA8 /* main.m */ = {isa = PBXFileReference; lastKnownFileType = sourcecode.c.objc; path = main.m; sourceTree = "<group>"; };
		6F47E9981ACE4ECC0030DFA8 /* AppDelegate.h */ = {isa = PBXFileReference; lastKnownFileType = sourcecode.c.h; path = AppDelegate.h; sourceTree = "<group>"; };
		6F47E9991ACE4ECC0030DFA8 /* AppDelegate.m */ = {isa = PBXFileReference; lastKnownFileType = sourcecode.c.objc; path = AppDelegate.m; sourceTree = "<group>"; };
		6F47E99B1ACE4ECC0030DFA8 /* ViewController.h */ = {isa = PBXFileReference; lastKnownFileType = sourcecode.c.h; path = ViewController.h; sourceTree = "<group>"; };
		6F47E99C1ACE4ECC0030DFA8 /* ViewController.m */ = {isa = PBXFileReference; lastKnownFileType = sourcecode.c.objc; path = ViewController.m; sourceTree = "<group>"; };
		6F47E99F1ACE4ECC0030DFA8 /* Base */ = {isa = PBXFileReference; lastKnownFileType = file.storyboard; name = Base; path = Base.lproj/Main.storyboard; sourceTree = "<group>"; };
		6F47E9A11ACE4ECC0030DFA8 /* Images.xcassets */ = {isa = PBXFileReference; lastKnownFileType = folder.assetcatalog; path = Images.xcassets; sourceTree = "<group>"; };
		6F47E9A41ACE4ECC0030DFA8 /* Base */ = {isa = PBXFileReference; lastKnownFileType = file.xib; name = Base; path = Base.lproj/LaunchScreen.xib; sourceTree = "<group>"; };
		6F47E9AA1ACE4ECC0030DFA8 /* ImFine_storyboard_samplesTests.xctest */ = {isa = PBXFileReference; explicitFileType = wrapper.cfbundle; includeInIndex = 0; path = ImFine_storyboard_samplesTests.xctest; sourceTree = BUILT_PRODUCTS_DIR; };
		6F47E9AF1ACE4ECC0030DFA8 /* Info.plist */ = {isa = PBXFileReference; lastKnownFileType = text.plist.xml; path = Info.plist; sourceTree = "<group>"; };
		6F47E9B01ACE4ECC0030DFA8 /* ImFine_storyboard_samplesTests.m */ = {isa = PBXFileReference; lastKnownFileType = sourcecode.c.objc; path = ImFine_storyboard_samplesTests.m; sourceTree = "<group>"; };
		DC8FAA0A1AE1AAF600B8EE7F /* feeding.png */ = {isa = PBXFileReference; lastKnownFileType = image.png; path = feeding.png; sourceTree = "<group>"; };
		DC8FAA0B1AE1AAF600B8EE7F /* medicine.png */ = {isa = PBXFileReference; lastKnownFileType = image.png; path = medicine.png; sourceTree = "<group>"; };
		DC8FAA0C1AE1AAF600B8EE7F /* poo.png */ = {isa = PBXFileReference; lastKnownFileType = image.png; path = poo.png; sourceTree = "<group>"; };
		DC8FAA0D1AE1AAF600B8EE7F /* sleep.png */ = {isa = PBXFileReference; lastKnownFileType = image.png; path = sleep.png; sourceTree = "<group>"; };
		DC8FAA121AE1AB8800B8EE7F /* camera.png */ = {isa = PBXFileReference; lastKnownFileType = image.png; path = camera.png; sourceTree = "<group>"; };
/* End PBXFileReference section */

/* Begin PBXFrameworksBuildPhase section */
		18792A0D1AD28BDF00ACFD3A /* Frameworks */ = {
			isa = PBXFrameworksBuildPhase;
			buildActionMask = 2147483647;
			files = (
				18792A131AD28BDF00ACFD3A /* NotificationCenter.framework in Frameworks */,
			);
			runOnlyForDeploymentPostprocessing = 0;
		};
		6F47E98E1ACE4ECC0030DFA8 /* Frameworks */ = {
			isa = PBXFrameworksBuildPhase;
			buildActionMask = 2147483647;
			files = (
			);
			runOnlyForDeploymentPostprocessing = 0;
		};
		6F47E9A71ACE4ECC0030DFA8 /* Frameworks */ = {
			isa = PBXFrameworksBuildPhase;
			buildActionMask = 2147483647;
			files = (
			);
			runOnlyForDeploymentPostprocessing = 0;
		};
/* End PBXFrameworksBuildPhase section */

/* Begin PBXGroup section */
		18792A111AD28BDF00ACFD3A /* Frameworks */ = {
			isa = PBXGroup;
			children = (
				18792A121AD28BDF00ACFD3A /* NotificationCenter.framework */,
			);
			name = Frameworks;
			sourceTree = "<group>";
		};
		18792A141AD28BDF00ACFD3A /* MainWidget */ = {
			isa = PBXGroup;
			children = (
				18792A171AD28BDF00ACFD3A /* TodayViewController.h */,
				18792A181AD28BDF00ACFD3A /* TodayViewController.m */,
				18792A1A1AD28BDF00ACFD3A /* MainInterface.storyboard */,
				18792A151AD28BDF00ACFD3A /* Supporting Files */,
			);
			path = MainWidget;
			sourceTree = "<group>";
		};
		18792A151AD28BDF00ACFD3A /* Supporting Files */ = {
			isa = PBXGroup;
			children = (
				18792A161AD28BDF00ACFD3A /* Info.plist */,
			);
			name = "Supporting Files";
			sourceTree = "<group>";
		};
		18792A3E1AD3051800ACFD3A /* New Group */ = {
			isa = PBXGroup;
			children = (
			);
			name = "New Group";
			sourceTree = "<group>";
		};
		18792A421AD3052100ACFD3A /* register */ = {
			isa = PBXGroup;
			children = (
				18792A381AD2B56400ACFD3A /* RegisterIDViewController.h */,
				18792A391AD2B56400ACFD3A /* RegisterIDViewController.m */,
				18792A4B1AD4801800ACFD3A /* RegisterIDModel.h */,
				18792A4C1AD4801800ACFD3A /* RegisterIDModel.m */,
			);
			name = register;
			sourceTree = "<group>";
		};
		18792A431AD3052300ACFD3A /* login */ = {
			isa = PBXGroup;
			children = (
				18792A481AD3DBA500ACFD3A /* LoginModel.h */,
				18792A491AD3DBA500ACFD3A /* LoginModel.m */,
				18792A351AD2B55300ACFD3A /* LoginViewController.h */,
				18792A361AD2B55300ACFD3A /* LoginViewController.m */,
			);
			name = login;
			sourceTree = "<group>";
		};
		18792A441AD3052500ACFD3A /* main */ = {
			isa = PBXGroup;
			children = (
				18792A261AD2AB5C00ACFD3A /* MainViewController.h */,
				18792A271AD2AB5C00ACFD3A /* MainViewController.m */,
				18792A451AD3117D00ACFD3A /* MainTableViewCell.h */,
				18792A461AD3117D00ACFD3A /* MainTableViewCell.m */,
			);
			name = main;
			sourceTree = "<group>";
		};
		6F47E9881ACE4ECC0030DFA8 = {
			isa = PBXGroup;
			children = (
				6F47E9931ACE4ECC0030DFA8 /* ImFine_storyboard_samples */,
				6F47E9AD1ACE4ECC0030DFA8 /* ImFine_storyboard_samplesTests */,
				18792A141AD28BDF00ACFD3A /* MainWidget */,
				18792A111AD28BDF00ACFD3A /* Frameworks */,
				6F47E9921ACE4ECC0030DFA8 /* Products */,
			);
			sourceTree = "<group>";
		};
		6F47E9921ACE4ECC0030DFA8 /* Products */ = {
			isa = PBXGroup;
			children = (
				6F47E9911ACE4ECC0030DFA8 /* ImFine_storyboard_samples.app */,
				6F47E9AA1ACE4ECC0030DFA8 /* ImFine_storyboard_samplesTests.xctest */,
				18792A101AD28BDF00ACFD3A /* MainWidget.appex */,
			);
			name = Products;
			sourceTree = "<group>";
		};
		6F47E9931ACE4ECC0030DFA8 /* ImFine_storyboard_samples */ = {
			isa = PBXGroup;
			children = (
				18792A441AD3052500ACFD3A /* main */,
				18792A431AD3052300ACFD3A /* login */,
				18792A421AD3052100ACFD3A /* register */,
				18792A3E1AD3051800ACFD3A /* New Group */,
				6F47E9981ACE4ECC0030DFA8 /* AppDelegate.h */,
				6F47E9991ACE4ECC0030DFA8 /* AppDelegate.m */,
				6F47E99B1ACE4ECC0030DFA8 /* ViewController.h */,
				6F47E99C1ACE4ECC0030DFA8 /* ViewController.m */,
				18792A3B1AD2B5E700ACFD3A /* PooViewController.h */,
				18792A3C1AD2B5E700ACFD3A /* PooViewController.m */,
				18792A2F1AD2B42000ACFD3A /* MedicineViewController.h */,
				18792A301AD2B42000ACFD3A /* MedicineViewController.m */,
				18792A2C1AD2B40B00ACFD3A /* SleepViewController.h */,
				18792A2D1AD2B40B00ACFD3A /* SleepViewController.m */,
				18792A291AD2B3C800ACFD3A /* FeedingViewController.h */,
				18792A2A1AD2B3C800ACFD3A /* FeedingViewController.m */,
				6F47E9A11ACE4ECC0030DFA8 /* Images.xcassets */,
				6F47E99E1ACE4ECC0030DFA8 /* Main.storyboard */,
				6F47E9A31ACE4ECC0030DFA8 /* LaunchScreen.xib */,
				6F47E9941ACE4ECC0030DFA8 /* Supporting Files */,
			);
			path = ImFine_storyboard_samples;
			sourceTree = "<group>";
		};
		6F47E9941ACE4ECC0030DFA8 /* Supporting Files */ = {
			isa = PBXGroup;
			children = (
				DC8FAA091AE1AA9500B8EE7F /* image */,
				6F47E9951ACE4ECC0030DFA8 /* Info.plist */,
				6F47E9961ACE4ECC0030DFA8 /* main.m */,
			);
			name = "Supporting Files";
			sourceTree = "<group>";
		};
		6F47E9AD1ACE4ECC0030DFA8 /* ImFine_storyboard_samplesTests */ = {
			isa = PBXGroup;
			children = (
				6F47E9B01ACE4ECC0030DFA8 /* ImFine_storyboard_samplesTests.m */,
				6F47E9AE1ACE4ECC0030DFA8 /* Supporting Files */,
			);
			path = ImFine_storyboard_samplesTests;
			sourceTree = "<group>";
		};
		6F47E9AE1ACE4ECC0030DFA8 /* Supporting Files */ = {
			isa = PBXGroup;
			children = (
				6F47E9AF1ACE4ECC0030DFA8 /* Info.plist */,
			);
			name = "Supporting Files";
			sourceTree = "<group>";
		};
		DC8FAA091AE1AA9500B8EE7F /* image */ = {
			isa = PBXGroup;
			children = (
				DC8FAA121AE1AB8800B8EE7F /* camera.png */,
				DC8FAA0A1AE1AAF600B8EE7F /* feeding.png */,
				DC8FAA0B1AE1AAF600B8EE7F /* medicine.png */,
				DC8FAA0C1AE1AAF600B8EE7F /* poo.png */,
				DC8FAA0D1AE1AAF600B8EE7F /* sleep.png */,
			);
			name = image;
			sourceTree = "<group>";
		};
/* End PBXGroup section */

/* Begin PBXNativeTarget section */
		18792A0F1AD28BDF00ACFD3A /* MainWidget */ = {
			isa = PBXNativeTarget;
			buildConfigurationList = 18792A211AD28BDF00ACFD3A /* Build configuration list for PBXNativeTarget "MainWidget" */;
			buildPhases = (
				18792A0C1AD28BDF00ACFD3A /* Sources */,
				18792A0D1AD28BDF00ACFD3A /* Frameworks */,
				18792A0E1AD28BDF00ACFD3A /* Resources */,
			);
			buildRules = (
			);
			dependencies = (
			);
			name = MainWidget;
			productName = MainWidget;
			productReference = 18792A101AD28BDF00ACFD3A /* MainWidget.appex */;
			productType = "com.apple.product-type.app-extension";
		};
		6F47E9901ACE4ECC0030DFA8 /* ImFine_storyboard_samples */ = {
			isa = PBXNativeTarget;
			buildConfigurationList = 6F47E9B41ACE4ECC0030DFA8 /* Build configuration list for PBXNativeTarget "ImFine_storyboard_samples" */;
			buildPhases = (
				6F47E98D1ACE4ECC0030DFA8 /* Sources */,
				6F47E98E1ACE4ECC0030DFA8 /* Frameworks */,
				6F47E98F1ACE4ECC0030DFA8 /* Resources */,
				18792A221AD28BDF00ACFD3A /* Embed App Extensions */,
			);
			buildRules = (
			);
			dependencies = (
				18792A1D1AD28BDF00ACFD3A /* PBXTargetDependency */,
			);
			name = ImFine_storyboard_samples;
			productName = ImFine_storyboard_samples;
			productReference = 6F47E9911ACE4ECC0030DFA8 /* ImFine_storyboard_samples.app */;
			productType = "com.apple.product-type.application";
		};
		6F47E9A91ACE4ECC0030DFA8 /* ImFine_storyboard_samplesTests */ = {
			isa = PBXNativeTarget;
			buildConfigurationList = 6F47E9B71ACE4ECC0030DFA8 /* Build configuration list for PBXNativeTarget "ImFine_storyboard_samplesTests" */;
			buildPhases = (
				6F47E9A61ACE4ECC0030DFA8 /* Sources */,
				6F47E9A71ACE4ECC0030DFA8 /* Frameworks */,
				6F47E9A81ACE4ECC0030DFA8 /* Resources */,
			);
			buildRules = (
			);
			dependencies = (
				6F47E9AC1ACE4ECC0030DFA8 /* PBXTargetDependency */,
			);
			name = ImFine_storyboard_samplesTests;
			productName = ImFine_storyboard_samplesTests;
			productReference = 6F47E9AA1ACE4ECC0030DFA8 /* ImFine_storyboard_samplesTests.xctest */;
			productType = "com.apple.product-type.bundle.unit-test";
		};
/* End PBXNativeTarget section */

/* Begin PBXProject section */
		6F47E9891ACE4ECC0030DFA8 /* Project object */ = {
			isa = PBXProject;
			attributes = {
				LastUpgradeCheck = 0610;
				ORGANIZATIONNAME = yunseo;
				TargetAttributes = {
					18792A0F1AD28BDF00ACFD3A = {
						CreatedOnToolsVersion = 6.2;
					};
					6F47E9901ACE4ECC0030DFA8 = {
						CreatedOnToolsVersion = 6.1.1;
					};
					6F47E9A91ACE4ECC0030DFA8 = {
						CreatedOnToolsVersion = 6.1.1;
						TestTargetID = 6F47E9901ACE4ECC0030DFA8;
					};
				};
			};
			buildConfigurationList = 6F47E98C1ACE4ECC0030DFA8 /* Build configuration list for PBXProject "ImFine_storyboard_samples" */;
			compatibilityVersion = "Xcode 3.2";
			developmentRegion = English;
			hasScannedForEncodings = 0;
			knownRegions = (
				en,
				Base,
			);
			mainGroup = 6F47E9881ACE4ECC0030DFA8;
			productRefGroup = 6F47E9921ACE4ECC0030DFA8 /* Products */;
			projectDirPath = "";
			projectRoot = "";
			targets = (
				6F47E9901ACE4ECC0030DFA8 /* ImFine_storyboard_samples */,
				6F47E9A91ACE4ECC0030DFA8 /* ImFine_storyboard_samplesTests */,
				18792A0F1AD28BDF00ACFD3A /* MainWidget */,
			);
		};
/* End PBXProject section */

/* Begin PBXResourcesBuildPhase section */
		18792A0E1AD28BDF00ACFD3A /* Resources */ = {
			isa = PBXResourcesBuildPhase;
			buildActionMask = 2147483647;
			files = (
				18792A1B1AD28BDF00ACFD3A /* MainInterface.storyboard in Resources */,
			);
			runOnlyForDeploymentPostprocessing = 0;
		};
		6F47E98F1ACE4ECC0030DFA8 /* Resources */ = {
			isa = PBXResourcesBuildPhase;
			buildActionMask = 2147483647;
			files = (
				DC8FAA111AE1AAF600B8EE7F /* sleep.png in Resources */,
				DC8FAA101AE1AAF600B8EE7F /* poo.png in Resources */,
				DC8FAA0E1AE1AAF600B8EE7F /* feeding.png in Resources */,
				6F47E9A01ACE4ECC0030DFA8 /* Main.storyboard in Resources */,
				6F47E9A51ACE4ECC0030DFA8 /* LaunchScreen.xib in Resources */,
				DC8FAA0F1AE1AAF600B8EE7F /* medicine.png in Resources */,
				DC8FAA131AE1AB8800B8EE7F /* camera.png in Resources */,
				6F47E9A21ACE4ECC0030DFA8 /* Images.xcassets in Resources */,
			);
			runOnlyForDeploymentPostprocessing = 0;
		};
		6F47E9A81ACE4ECC0030DFA8 /* Resources */ = {
			isa = PBXResourcesBuildPhase;
			buildActionMask = 2147483647;
			files = (
			);
			runOnlyForDeploymentPostprocessing = 0;
		};
/* End PBXResourcesBuildPhase section */

/* Begin PBXSourcesBuildPhase section */
		18792A0C1AD28BDF00ACFD3A /* Sources */ = {
			isa = PBXSourcesBuildPhase;
			buildActionMask = 2147483647;
			files = (
				18792A191AD28BDF00ACFD3A /* TodayViewController.m in Sources */,
			);
			runOnlyForDeploymentPostprocessing = 0;
		};
		6F47E98D1ACE4ECC0030DFA8 /* Sources */ = {
			isa = PBXSourcesBuildPhase;
			buildActionMask = 2147483647;
			files = (
				18792A2E1AD2B40B00ACFD3A /* SleepViewController.m in Sources */,
				18792A471AD3117D00ACFD3A /* MainTableViewCell.m in Sources */,
				18792A3A1AD2B56400ACFD3A /* RegisterIDViewController.m in Sources */,
				18792A311AD2B42000ACFD3A /* MedicineViewController.m in Sources */,
				18792A4D1AD4801800ACFD3A /* RegisterIDModel.m in Sources */,
				6F47E99D1ACE4ECC0030DFA8 /* ViewController.m in Sources */,
				18792A4A1AD3DBA500ACFD3A /* LoginModel.m in Sources */,
				6F47E99A1ACE4ECC0030DFA8 /* AppDelegate.m in Sources */,
				18792A3D1AD2B5E700ACFD3A /* PooViewController.m in Sources */,
				18792A371AD2B55300ACFD3A /* LoginViewController.m in Sources */,
				6F47E9971ACE4ECC0030DFA8 /* main.m in Sources */,
				18792A281AD2AB5C00ACFD3A /* MainViewController.m in Sources */,
				18792A2B1AD2B3C800ACFD3A /* FeedingViewController.m in Sources */,
			);
			runOnlyForDeploymentPostprocessing = 0;
		};
		6F47E9A61ACE4ECC0030DFA8 /* Sources */ = {
			isa = PBXSourcesBuildPhase;
			buildActionMask = 2147483647;
			files = (
				6F47E9B11ACE4ECC0030DFA8 /* ImFine_storyboard_samplesTests.m in Sources */,
			);
			runOnlyForDeploymentPostprocessing = 0;
		};
/* End PBXSourcesBuildPhase section */

/* Begin PBXTargetDependency section */
		18792A1D1AD28BDF00ACFD3A /* PBXTargetDependency */ = {
			isa = PBXTargetDependency;
			target = 18792A0F1AD28BDF00ACFD3A /* MainWidget */;
			targetProxy = 18792A1C1AD28BDF00ACFD3A /* PBXContainerItemProxy */;
		};
		6F47E9AC1ACE4ECC0030DFA8 /* PBXTargetDependency */ = {
			isa = PBXTargetDependency;
			target = 6F47E9901ACE4ECC0030DFA8 /* ImFine_storyboard_samples */;
			targetProxy = 6F47E9AB1ACE4ECC0030DFA8 /* PBXContainerItemProxy */;
		};
/* End PBXTargetDependency section */

/* Begin PBXVariantGroup section */
		6F47E99E1ACE4ECC0030DFA8 /* Main.storyboard */ = {
			isa = PBXVariantGroup;
			children = (
				6F47E99F1ACE4ECC0030DFA8 /* Base */,
			);
			name = Main.storyboard;
			sourceTree = "<group>";
		};
		6F47E9A31ACE4ECC0030DFA8 /* LaunchScreen.xib */ = {
			isa = PBXVariantGroup;
			children = (
				6F47E9A41ACE4ECC0030DFA8 /* Base */,
			);
			name = LaunchScreen.xib;
			sourceTree = "<group>";
		};
/* End PBXVariantGroup section */

/* Begin XCBuildConfiguration section */
		18792A1F1AD28BDF00ACFD3A /* Debug */ = {
			isa = XCBuildConfiguration;
			buildSettings = {
				GCC_PREPROCESSOR_DEFINITIONS = (
					"DEBUG=1",
					"$(inherited)",
				);
				INFOPLIST_FILE = MainWidget/Info.plist;
				IPHONEOS_DEPLOYMENT_TARGET = 8.2;
				LD_RUNPATH_SEARCH_PATHS = "$(inherited) @executable_path/Frameworks @executable_path/../../Frameworks";
				PRODUCT_NAME = "$(TARGET_NAME)";
				SKIP_INSTALL = YES;
			};
			name = Debug;
		};
		18792A201AD28BDF00ACFD3A /* Release */ = {
			isa = XCBuildConfiguration;
			buildSettings = {
				COPY_PHASE_STRIP = NO;
				INFOPLIST_FILE = MainWidget/Info.plist;
				IPHONEOS_DEPLOYMENT_TARGET = 8.2;
				LD_RUNPATH_SEARCH_PATHS = "$(inherited) @executable_path/Frameworks @executable_path/../../Frameworks";
				PRODUCT_NAME = "$(TARGET_NAME)";
				SKIP_INSTALL = YES;
			};
			name = Release;
		};
		6F47E9B21ACE4ECC0030DFA8 /* Debug */ = {
			isa = XCBuildConfiguration;
			buildSettings = {
				ALWAYS_SEARCH_USER_PATHS = NO;
				CLANG_CXX_LANGUAGE_STANDARD = "gnu++0x";
				CLANG_CXX_LIBRARY = "libc++";
				CLANG_ENABLE_MODULES = YES;
				CLANG_ENABLE_OBJC_ARC = YES;
				CLANG_WARN_BOOL_CONVERSION = YES;
				CLANG_WARN_CONSTANT_CONVERSION = YES;
				CLANG_WARN_DIRECT_OBJC_ISA_USAGE = YES_ERROR;
				CLANG_WARN_EMPTY_BODY = YES;
				CLANG_WARN_ENUM_CONVERSION = YES;
				CLANG_WARN_INT_CONVERSION = YES;
				CLANG_WARN_OBJC_ROOT_CLASS = YES_ERROR;
				CLANG_WARN_UNREACHABLE_CODE = YES;
				CLANG_WARN__DUPLICATE_METHOD_MATCH = YES;
				"CODE_SIGN_IDENTITY[sdk=iphoneos*]" = "iPhone Developer";
				COPY_PHASE_STRIP = NO;
				ENABLE_STRICT_OBJC_MSGSEND = YES;
				GCC_C_LANGUAGE_STANDARD = gnu99;
				GCC_DYNAMIC_NO_PIC = NO;
				GCC_OPTIMIZATION_LEVEL = 0;
				GCC_PREPROCESSOR_DEFINITIONS = (
					"DEBUG=1",
					"$(inherited)",
				);
				GCC_SYMBOLS_PRIVATE_EXTERN = NO;
				GCC_WARN_64_TO_32_BIT_CONVERSION = YES;
				GCC_WARN_ABOUT_RETURN_TYPE = YES_ERROR;
				GCC_WARN_UNDECLARED_SELECTOR = YES;
				GCC_WARN_UNINITIALIZED_AUTOS = YES_AGGRESSIVE;
				GCC_WARN_UNUSED_FUNCTION = YES;
				GCC_WARN_UNUSED_VARIABLE = YES;
				IPHONEOS_DEPLOYMENT_TARGET = 8.1;
				MTL_ENABLE_DEBUG_INFO = YES;
				ONLY_ACTIVE_ARCH = YES;
				SDKROOT = iphoneos;
			};
			name = Debug;
		};
		6F47E9B31ACE4ECC0030DFA8 /* Release */ = {
			isa = XCBuildConfiguration;
			buildSettings = {
				ALWAYS_SEARCH_USER_PATHS = NO;
				CLANG_CXX_LANGUAGE_STANDARD = "gnu++0x";
				CLANG_CXX_LIBRARY = "libc++";
				CLANG_ENABLE_MODULES = YES;
				CLANG_ENABLE_OBJC_ARC = YES;
				CLANG_WARN_BOOL_CONVERSION = YES;
				CLANG_WARN_CONSTANT_CONVERSION = YES;
				CLANG_WARN_DIRECT_OBJC_ISA_USAGE = YES_ERROR;
				CLANG_WARN_EMPTY_BODY = YES;
				CLANG_WARN_ENUM_CONVERSION = YES;
				CLANG_WARN_INT_CONVERSION = YES;
				CLANG_WARN_OBJC_ROOT_CLASS = YES_ERROR;
				CLANG_WARN_UNREACHABLE_CODE = YES;
				CLANG_WARN__DUPLICATE_METHOD_MATCH = YES;
				"CODE_SIGN_IDENTITY[sdk=iphoneos*]" = "iPhone Developer";
				COPY_PHASE_STRIP = YES;
				ENABLE_NS_ASSERTIONS = NO;
				ENABLE_STRICT_OBJC_MSGSEND = YES;
				GCC_C_LANGUAGE_STANDARD = gnu99;
				GCC_WARN_64_TO_32_BIT_CONVERSION = YES;
				GCC_WARN_ABOUT_RETURN_TYPE = YES_ERROR;
				GCC_WARN_UNDECLARED_SELECTOR = YES;
				GCC_WARN_UNINITIALIZED_AUTOS = YES_AGGRESSIVE;
				GCC_WARN_UNUSED_FUNCTION = YES;
				GCC_WARN_UNUSED_VARIABLE = YES;
				IPHONEOS_DEPLOYMENT_TARGET = 8.1;
				MTL_ENABLE_DEBUG_INFO = NO;
				SDKROOT = iphoneos;
				VALIDATE_PRODUCT = YES;
			};
			name = Release;
		};
		6F47E9B51ACE4ECC0030DFA8 /* Debug */ = {
			isa = XCBuildConfiguration;
			buildSettings = {
				ASSETCATALOG_COMPILER_APPICON_NAME = AppIcon;
				INFOPLIST_FILE = ImFine_storyboard_samples/Info.plist;
				LD_RUNPATH_SEARCH_PATHS = "$(inherited) @executable_path/Frameworks";
				PRODUCT_NAME = "$(TARGET_NAME)";
			};
			name = Debug;
		};
		6F47E9B61ACE4ECC0030DFA8 /* Release */ = {
			isa = XCBuildConfiguration;
			buildSettings = {
				ASSETCATALOG_COMPILER_APPICON_NAME = AppIcon;
				INFOPLIST_FILE = ImFine_storyboard_samples/Info.plist;
				LD_RUNPATH_SEARCH_PATHS = "$(inherited) @executable_path/Frameworks";
				PRODUCT_NAME = "$(TARGET_NAME)";
			};
			name = Release;
		};
		6F47E9B81ACE4ECC0030DFA8 /* Debug */ = {
			isa = XCBuildConfiguration;
			buildSettings = {
				BUNDLE_LOADER = "$(TEST_HOST)";
				FRAMEWORK_SEARCH_PATHS = (
					"$(SDKROOT)/Developer/Library/Frameworks",
					"$(inherited)",
				);
				GCC_PREPROCESSOR_DEFINITIONS = (
					"DEBUG=1",
					"$(inherited)",
				);
				INFOPLIST_FILE = ImFine_storyboard_samplesTests/Info.plist;
				LD_RUNPATH_SEARCH_PATHS = "$(inherited) @executable_path/Frameworks @loader_path/Frameworks";
				PRODUCT_NAME = "$(TARGET_NAME)";
				TEST_HOST = "$(BUILT_PRODUCTS_DIR)/ImFine_storyboard_samples.app/ImFine_storyboard_samples";
			};
			name = Debug;
		};
		6F47E9B91ACE4ECC0030DFA8 /* Release */ = {
			isa = XCBuildConfiguration;
			buildSettings = {
				BUNDLE_LOADER = "$(TEST_HOST)";
				FRAMEWORK_SEARCH_PATHS = (
					"$(SDKROOT)/Developer/Library/Frameworks",
					"$(inherited)",
				);
				INFOPLIST_FILE = ImFine_storyboard_samplesTests/Info.plist;
				LD_RUNPATH_SEARCH_PATHS = "$(inherited) @executable_path/Frameworks @loader_path/Frameworks";
				PRODUCT_NAME = "$(TARGET_NAME)";
				TEST_HOST = "$(BUILT_PRODUCTS_DIR)/ImFine_storyboard_samples.app/ImFine_storyboard_samples";
			};
			name = Release;
		};
/* End XCBuildConfiguration section */

/* Begin XCConfigurationList section */
		18792A211AD28BDF00ACFD3A /* Build configuration list for PBXNativeTarget "MainWidget" */ = {
			isa = XCConfigurationList;
			buildConfigurations = (
				18792A1F1AD28BDF00ACFD3A /* Debug */,
				18792A201AD28BDF00ACFD3A /* Release */,
			);
			defaultConfigurationIsVisible = 0;
			defaultConfigurationName = Release;
		};
		6F47E98C1ACE4ECC0030DFA8 /* Build configuration list for PBXProject "ImFine_storyboard_samples" */ = {
			isa = XCConfigurationList;
			buildConfigurations = (
				6F47E9B21ACE4ECC0030DFA8 /* Debug */,
				6F47E9B31ACE4ECC0030DFA8 /* Release */,
			);
			defaultConfigurationIsVisible = 0;
			defaultConfigurationName = Release;
		};
		6F47E9B41ACE4ECC0030DFA8 /* Build configuration list for PBXNativeTarget "ImFine_storyboard_samples" */ = {
			isa = XCConfigurationList;
			buildConfigurations = (
				6F47E9B51ACE4ECC0030DFA8 /* Debug */,
				6F47E9B61ACE4ECC0030DFA8 /* Release */,
			);
			defaultConfigurationIsVisible = 0;
			defaultConfigurationName = Release;
		};
		6F47E9B71ACE4ECC0030DFA8 /* Build configuration list for PBXNativeTarget "ImFine_storyboard_samplesTests" */ = {
			isa = XCConfigurationList;
			buildConfigurations = (
				6F47E9B81ACE4ECC0030DFA8 /* Debug */,
				6F47E9B91ACE4ECC0030DFA8 /* Release */,
			);
			defaultConfigurationIsVisible = 0;
			defaultConfigurationName = Release;
		};
/* End XCConfigurationList section */
	};
	rootObject = 6F47E9891ACE4ECC0030DFA8 /* Project object */;
}
