// !$*UTF8*$!
{
	archiveVersion = 1;
	classes = {
	};
	objectVersion = 46;
	objects = {

/* Begin PBXBuildFile section */
		18792A281AD2AB5C00ACFD3A /* MainViewController.m in Sources */ = {isa = PBXBuildFile; fileRef = 18792A271AD2AB5C00ACFD3A /* MainViewController.m */; };
		18792A2B1AD2B3C800ACFD3A /* FeedingViewController.m in Sources */ = {isa = PBXBuildFile; fileRef = 18792A2A1AD2B3C800ACFD3A /* FeedingViewController.m */; };
		18792A2E1AD2B40B00ACFD3A /* SleepViewController.m in Sources */ = {isa = PBXBuildFile; fileRef = 18792A2D1AD2B40B00ACFD3A /* SleepViewController.m */; };
		18792A311AD2B42000ACFD3A /* MedicineViewController.m in Sources */ = {isa = PBXBuildFile; fileRef = 18792A301AD2B42000ACFD3A /* MedicineViewController.m */; };
		18792A371AD2B55300ACFD3A /* LoginViewController.m in Sources */ = {isa = PBXBuildFile; fileRef = 18792A361AD2B55300ACFD3A /* LoginViewController.m */; };
		18792A3A1AD2B56400ACFD3A /* RegisterIDViewController.m in Sources */ = {isa = PBXBuildFile; fileRef = 18792A391AD2B56400ACFD3A /* RegisterIDViewController.m */; };
		18792A471AD3117D00ACFD3A /* MainTableViewCell.m in Sources */ = {isa = PBXBuildFile; fileRef = 18792A461AD3117D00ACFD3A /* MainTableViewCell.m */; };
		18792A4A1AD3DBA500ACFD3A /* LoginModel.m in Sources */ = {isa = PBXBuildFile; fileRef = 18792A491AD3DBA500ACFD3A /* LoginModel.m */; };
		18792A4D1AD4801800ACFD3A /* RegisterIDModel.m in Sources */ = {isa = PBXBuildFile; fileRef = 18792A4C1AD4801800ACFD3A /* RegisterIDModel.m */; };
		6F47E9971ACE4ECC0030DFA8 /* main.m in Sources */ = {isa = PBXBuildFile; fileRef = 6F47E9961ACE4ECC0030DFA8 /* main.m */; };
		6F47E9A01ACE4ECC0030DFA8 /* Main.storyboard in Resources */ = {isa = PBXBuildFile; fileRef = 6F47E99E1ACE4ECC0030DFA8 /* Main.storyboard */; };
		6F47E9A21ACE4ECC0030DFA8 /* Images.xcassets in Resources */ = {isa = PBXBuildFile; fileRef = 6F47E9A11ACE4ECC0030DFA8 /* Images.xcassets */; };
		6F47E9A51ACE4ECC0030DFA8 /* LaunchScreen.xib in Resources */ = {isa = PBXBuildFile; fileRef = 6F47E9A31ACE4ECC0030DFA8 /* LaunchScreen.xib */; };
		6F47E9B11ACE4ECC0030DFA8 /* ImFine_storyboard_samplesTests.m in Sources */ = {isa = PBXBuildFile; fileRef = 6F47E9B01ACE4ECC0030DFA8 /* ImFine_storyboard_samplesTests.m */; };
		B5D449D5E14BE321B06D7ACA /* libPods.a in Frameworks */ = {isa = PBXBuildFile; fileRef = CA3B6ED1ADC4A53141853BD3 /* libPods.a */; };
		DC03326A1B1B0E0E00E5C917 /* feeding.png in Resources */ = {isa = PBXBuildFile; fileRef = DC0332661B1B0E0E00E5C917 /* feeding.png */; };
		DC03326B1B1B0E0E00E5C917 /* medicine.png in Resources */ = {isa = PBXBuildFile; fileRef = DC0332671B1B0E0E00E5C917 /* medicine.png */; };
		DC03326C1B1B0E0E00E5C917 /* poo.png in Resources */ = {isa = PBXBuildFile; fileRef = DC0332681B1B0E0E00E5C917 /* poo.png */; };
		DC03326D1B1B0E0E00E5C917 /* sleep.png in Resources */ = {isa = PBXBuildFile; fileRef = DC0332691B1B0E0E00E5C917 /* sleep.png */; };
		DC0332721B1B987C00E5C917 /* feeding_white.png in Resources */ = {isa = PBXBuildFile; fileRef = DC03326E1B1B987C00E5C917 /* feeding_white.png */; };
		DC0332731B1B987C00E5C917 /* medicine_white.png in Resources */ = {isa = PBXBuildFile; fileRef = DC03326F1B1B987C00E5C917 /* medicine_white.png */; };
		DC0332741B1B987C00E5C917 /* poo_white.png in Resources */ = {isa = PBXBuildFile; fileRef = DC0332701B1B987C00E5C917 /* poo_white.png */; };
		DC0332751B1B987C00E5C917 /* sleep_white.png in Resources */ = {isa = PBXBuildFile; fileRef = DC0332711B1B987C00E5C917 /* sleep_white.png */; };
		DC349A071AF0B393007C1DE8 /* AppDelegate.m in Sources */ = {isa = PBXBuildFile; fileRef = DC349A061AF0B393007C1DE8 /* AppDelegate.m */; };
		DC62825F1AEBFFC600906030 /* MainModel.m in Sources */ = {isa = PBXBuildFile; fileRef = DC62825E1AEBFFC600906030 /* MainModel.m */; };
		DC62AAB61B15BBBD00D96CC9 /* FeedingModel.m in Sources */ = {isa = PBXBuildFile; fileRef = DC62AAB51B15BBBD00D96CC9 /* FeedingModel.m */; };
		DC62AAB91B15BBCC00D96CC9 /* PooModel.m in Sources */ = {isa = PBXBuildFile; fileRef = DC62AAB81B15BBCC00D96CC9 /* PooModel.m */; };
		DC62AABC1B15BBDA00D96CC9 /* SleepModel.m in Sources */ = {isa = PBXBuildFile; fileRef = DC62AABB1B15BBDA00D96CC9 /* SleepModel.m */; };
		DC62AABF1B15BBF900D96CC9 /* MedicineModel.m in Sources */ = {isa = PBXBuildFile; fileRef = DC62AABE1B15BBF900D96CC9 /* MedicineModel.m */; };
		DC8FAA161AE1D39F00B8EE7F /* PooViewController.m in Sources */ = {isa = PBXBuildFile; fileRef = DC8FAA151AE1D39F00B8EE7F /* PooViewController.m */; };
		DCBAC8C41B1BB27C0076FCDA /* NotificationCenter.framework in Frameworks */ = {isa = PBXBuildFile; fileRef = 18792A121AD28BDF00ACFD3A /* NotificationCenter.framework */; };
		DCBAC8CA1B1BB27C0076FCDA /* TodayViewController.m in Sources */ = {isa = PBXBuildFile; fileRef = DCBAC8C91B1BB27C0076FCDA /* TodayViewController.m */; };
		DCBAC8CC1B1BB27C0076FCDA /* MainInterface.storyboard in Resources */ = {isa = PBXBuildFile; fileRef = DCBAC8CB1B1BB27C0076FCDA /* MainInterface.storyboard */; };
		DCBAC8CF1B1BB27C0076FCDA /* ImFineWidget.appex in Embed App Extensions */ = {isa = PBXBuildFile; fileRef = DCBAC8C31B1BB27C0076FCDA /* ImFineWidget.appex */; settings = {ATTRIBUTES = (RemoveHeadersOnCopy, ); }; };
		DCBAC8D51B1BEC960076FCDA /* Images.xcassets in Resources */ = {isa = PBXBuildFile; fileRef = 6F47E9A11ACE4ECC0030DFA8 /* Images.xcassets */; };
		DCBAC8D61B1BEC9C0076FCDA /* ImFine_storyboard_samples.entitlements in Resources */ = {isa = PBXBuildFile; fileRef = DCBAC8D31B1BB8C20076FCDA /* ImFine_storyboard_samples.entitlements */; };
		DCBAC8D71B1BEC9D0076FCDA /* ImFine_storyboard_samples.entitlements in Resources */ = {isa = PBXBuildFile; fileRef = DCBAC8D31B1BB8C20076FCDA /* ImFine_storyboard_samples.entitlements */; };
		DCBAC8D81B1BECA40076FCDA /* ImFineWidget.entitlements in Resources */ = {isa = PBXBuildFile; fileRef = DCBAC8D41B1BB9A10076FCDA /* ImFineWidget.entitlements */; };
		DCBAC8D91B1BECA40076FCDA /* ImFineWidget.entitlements in Resources */ = {isa = PBXBuildFile; fileRef = DCBAC8D41B1BB9A10076FCDA /* ImFineWidget.entitlements */; };
/* End PBXBuildFile section */

/* Begin PBXContainerItemProxy section */
		6F47E9AB1ACE4ECC0030DFA8 /* PBXContainerItemProxy */ = {
			isa = PBXContainerItemProxy;
			containerPortal = 6F47E9891ACE4ECC0030DFA8 /* Project object */;
			proxyType = 1;
			remoteGlobalIDString = 6F47E9901ACE4ECC0030DFA8;
			remoteInfo = ImFine_storyboard_samples;
		};
		DCBAC8CD1B1BB27C0076FCDA /* PBXContainerItemProxy */ = {
			isa = PBXContainerItemProxy;
			containerPortal = 6F47E9891ACE4ECC0030DFA8 /* Project object */;
			proxyType = 1;
			remoteGlobalIDString = DCBAC8C21B1BB27C0076FCDA;
			remoteInfo = ImFineWidget;
		};
/* End PBXContainerItemProxy section */

/* Begin PBXCopyFilesBuildPhase section */
		18792A221AD28BDF00ACFD3A /* Embed App Extensions */ = {
			isa = PBXCopyFilesBuildPhase;
			buildActionMask = 2147483647;
			dstPath = "";
			dstSubfolderSpec = 13;
			files = (
				DCBAC8CF1B1BB27C0076FCDA /* ImFineWidget.appex in Embed App Extensions */,
			);
			name = "Embed App Extensions";
			runOnlyForDeploymentPostprocessing = 0;
		};
/* End PBXCopyFilesBuildPhase section */

/* Begin PBXFileReference section */
		0DA2DE1DE44F14847A8D752F /* Pods.release.xcconfig */ = {isa = PBXFileReference; includeInIndex = 1; lastKnownFileType = text.xcconfig; name = Pods.release.xcconfig; path = "Pods/Target Support Files/Pods/Pods.release.xcconfig"; sourceTree = "<group>"; };
		18792A121AD28BDF00ACFD3A /* NotificationCenter.framework */ = {isa = PBXFileReference; lastKnownFileType = wrapper.framework; name = NotificationCenter.framework; path = System/Library/Frameworks/NotificationCenter.framework; sourceTree = SDKROOT; };
		18792A261AD2AB5C00ACFD3A /* MainViewController.h */ = {isa = PBXFileReference; fileEncoding = 4; lastKnownFileType = sourcecode.c.h; name = MainViewController.h; path = ../MainViewController.h; sourceTree = "<group>"; };
		18792A271AD2AB5C00ACFD3A /* MainViewController.m */ = {isa = PBXFileReference; fileEncoding = 4; lastKnownFileType = sourcecode.c.objc; name = MainViewController.m; path = ../MainViewController.m; sourceTree = "<group>"; };
		18792A291AD2B3C800ACFD3A /* FeedingViewController.h */ = {isa = PBXFileReference; fileEncoding = 4; lastKnownFileType = sourcecode.c.h; path = FeedingViewController.h; sourceTree = "<group>"; };
		18792A2A1AD2B3C800ACFD3A /* FeedingViewController.m */ = {isa = PBXFileReference; fileEncoding = 4; lastKnownFileType = sourcecode.c.objc; path = FeedingViewController.m; sourceTree = "<group>"; };
		18792A2C1AD2B40B00ACFD3A /* SleepViewController.h */ = {isa = PBXFileReference; fileEncoding = 4; lastKnownFileType = sourcecode.c.h; path = SleepViewController.h; sourceTree = "<group>"; };
		18792A2D1AD2B40B00ACFD3A /* SleepViewController.m */ = {isa = PBXFileReference; fileEncoding = 4; lastKnownFileType = sourcecode.c.objc; path = SleepViewController.m; sourceTree = "<group>"; };
		18792A2F1AD2B42000ACFD3A /* MedicineViewController.h */ = {isa = PBXFileReference; fileEncoding = 4; lastKnownFileType = sourcecode.c.h; path = MedicineViewController.h; sourceTree = "<group>"; };
		18792A301AD2B42000ACFD3A /* MedicineViewController.m */ = {isa = PBXFileReference; fileEncoding = 4; lastKnownFileType = sourcecode.c.objc; path = MedicineViewController.m; sourceTree = "<group>"; };
		18792A351AD2B55300ACFD3A /* LoginViewController.h */ = {isa = PBXFileReference; fileEncoding = 4; lastKnownFileType = sourcecode.c.h; path = LoginViewController.h; sourceTree = "<group>"; };
		18792A361AD2B55300ACFD3A /* LoginViewController.m */ = {isa = PBXFileReference; fileEncoding = 4; lastKnownFileType = sourcecode.c.objc; path = LoginViewController.m; sourceTree = "<group>"; };
		18792A381AD2B56400ACFD3A /* RegisterIDViewController.h */ = {isa = PBXFileReference; fileEncoding = 4; lastKnownFileType = sourcecode.c.h; path = RegisterIDViewController.h; sourceTree = "<group>"; };
		18792A391AD2B56400ACFD3A /* RegisterIDViewController.m */ = {isa = PBXFileReference; fileEncoding = 4; lastKnownFileType = sourcecode.c.objc; path = RegisterIDViewController.m; sourceTree = "<group>"; };
		18792A451AD3117D00ACFD3A /* MainTableViewCell.h */ = {isa = PBXFileReference; fileEncoding = 4; lastKnownFileType = sourcecode.c.h; path = MainTableViewCell.h; sourceTree = "<group>"; };
		18792A461AD3117D00ACFD3A /* MainTableViewCell.m */ = {isa = PBXFileReference; fileEncoding = 4; lastKnownFileType = sourcecode.c.objc; path = MainTableViewCell.m; sourceTree = "<group>"; };
		18792A481AD3DBA500ACFD3A /* LoginModel.h */ = {isa = PBXFileReference; fileEncoding = 4; lastKnownFileType = sourcecode.c.h; path = LoginModel.h; sourceTree = "<group>"; };
		18792A491AD3DBA500ACFD3A /* LoginModel.m */ = {isa = PBXFileReference; fileEncoding = 4; lastKnownFileType = sourcecode.c.objc; path = LoginModel.m; sourceTree = "<group>"; };
		18792A4B1AD4801800ACFD3A /* RegisterIDModel.h */ = {isa = PBXFileReference; fileEncoding = 4; lastKnownFileType = sourcecode.c.h; path = RegisterIDModel.h; sourceTree = "<group>"; };
		18792A4C1AD4801800ACFD3A /* RegisterIDModel.m */ = {isa = PBXFileReference; fileEncoding = 4; lastKnownFileType = sourcecode.c.objc; path = RegisterIDModel.m; sourceTree = "<group>"; };
		6F47E9911ACE4ECC0030DFA8 /* ImFine_storyboard_samples.app */ = {isa = PBXFileReference; explicitFileType = wrapper.application; includeInIndex = 0; path = ImFine_storyboard_samples.app; sourceTree = BUILT_PRODUCTS_DIR; };
		6F47E9951ACE4ECC0030DFA8 /* Info.plist */ = {isa = PBXFileReference; lastKnownFileType = text.plist.xml; path = Info.plist; sourceTree = "<group>"; };
		6F47E9961ACE4ECC0030DFA8 /* main.m */ = {isa = PBXFileReference; lastKnownFileType = sourcecode.c.objc; path = main.m; sourceTree = "<group>"; };
		6F47E99F1ACE4ECC0030DFA8 /* Base */ = {isa = PBXFileReference; lastKnownFileType = file.storyboard; name = Base; path = Base.lproj/Main.storyboard; sourceTree = "<group>"; };
		6F47E9A11ACE4ECC0030DFA8 /* Images.xcassets */ = {isa = PBXFileReference; lastKnownFileType = folder.assetcatalog; path = Images.xcassets; sourceTree = "<group>"; };
		6F47E9A41ACE4ECC0030DFA8 /* Base */ = {isa = PBXFileReference; lastKnownFileType = file.xib; name = Base; path = Base.lproj/LaunchScreen.xib; sourceTree = "<group>"; };
		6F47E9AA1ACE4ECC0030DFA8 /* ImFine_storyboard_samplesTests.xctest */ = {isa = PBXFileReference; explicitFileType = wrapper.cfbundle; includeInIndex = 0; path = ImFine_storyboard_samplesTests.xctest; sourceTree = BUILT_PRODUCTS_DIR; };
		6F47E9AF1ACE4ECC0030DFA8 /* Info.plist */ = {isa = PBXFileReference; lastKnownFileType = text.plist.xml; path = Info.plist; sourceTree = "<group>"; };
		6F47E9B01ACE4ECC0030DFA8 /* ImFine_storyboard_samplesTests.m */ = {isa = PBXFileReference; lastKnownFileType = sourcecode.c.objc; path = ImFine_storyboard_samplesTests.m; sourceTree = "<group>"; };
		CA3B6ED1ADC4A53141853BD3 /* libPods.a */ = {isa = PBXFileReference; explicitFileType = archive.ar; includeInIndex = 0; path = libPods.a; sourceTree = BUILT_PRODUCTS_DIR; };
		DC0332661B1B0E0E00E5C917 /* feeding.png */ = {isa = PBXFileReference; lastKnownFileType = image.png; path = feeding.png; sourceTree = "<group>"; };
		DC0332671B1B0E0E00E5C917 /* medicine.png */ = {isa = PBXFileReference; lastKnownFileType = image.png; path = medicine.png; sourceTree = "<group>"; };
		DC0332681B1B0E0E00E5C917 /* poo.png */ = {isa = PBXFileReference; lastKnownFileType = image.png; path = poo.png; sourceTree = "<group>"; };
		DC0332691B1B0E0E00E5C917 /* sleep.png */ = {isa = PBXFileReference; lastKnownFileType = image.png; path = sleep.png; sourceTree = "<group>"; };
		DC03326E1B1B987C00E5C917 /* feeding_white.png */ = {isa = PBXFileReference; lastKnownFileType = image.png; path = feeding_white.png; sourceTree = "<group>"; };
		DC03326F1B1B987C00E5C917 /* medicine_white.png */ = {isa = PBXFileReference; lastKnownFileType = image.png; path = medicine_white.png; sourceTree = "<group>"; };
		DC0332701B1B987C00E5C917 /* poo_white.png */ = {isa = PBXFileReference; lastKnownFileType = image.png; path = poo_white.png; sourceTree = "<group>"; };
		DC0332711B1B987C00E5C917 /* sleep_white.png */ = {isa = PBXFileReference; lastKnownFileType = image.png; path = sleep_white.png; sourceTree = "<group>"; };
		DC349A051AF0B393007C1DE8 /* AppDelegate.h */ = {isa = PBXFileReference; fileEncoding = 4; lastKnownFileType = sourcecode.c.h; path = AppDelegate.h; sourceTree = "<group>"; };
		DC349A061AF0B393007C1DE8 /* AppDelegate.m */ = {isa = PBXFileReference; fileEncoding = 4; lastKnownFileType = sourcecode.c.objc; path = AppDelegate.m; sourceTree = "<group>"; };
		DC62825D1AEBFFC600906030 /* MainModel.h */ = {isa = PBXFileReference; fileEncoding = 4; lastKnownFileType = sourcecode.c.h; path = MainModel.h; sourceTree = "<group>"; };
		DC62825E1AEBFFC600906030 /* MainModel.m */ = {isa = PBXFileReference; fileEncoding = 4; lastKnownFileType = sourcecode.c.objc; path = MainModel.m; sourceTree = "<group>"; };
		DC62AAB41B15BBBD00D96CC9 /* FeedingModel.h */ = {isa = PBXFileReference; fileEncoding = 4; lastKnownFileType = sourcecode.c.h; path = FeedingModel.h; sourceTree = "<group>"; };
		DC62AAB51B15BBBD00D96CC9 /* FeedingModel.m */ = {isa = PBXFileReference; fileEncoding = 4; lastKnownFileType = sourcecode.c.objc; path = FeedingModel.m; sourceTree = "<group>"; };
		DC62AAB71B15BBCC00D96CC9 /* PooModel.h */ = {isa = PBXFileReference; fileEncoding = 4; lastKnownFileType = sourcecode.c.h; path = PooModel.h; sourceTree = "<group>"; };
		DC62AAB81B15BBCC00D96CC9 /* PooModel.m */ = {isa = PBXFileReference; fileEncoding = 4; lastKnownFileType = sourcecode.c.objc; path = PooModel.m; sourceTree = "<group>"; };
		DC62AABA1B15BBDA00D96CC9 /* SleepModel.h */ = {isa = PBXFileReference; fileEncoding = 4; lastKnownFileType = sourcecode.c.h; path = SleepModel.h; sourceTree = "<group>"; };
		DC62AABB1B15BBDA00D96CC9 /* SleepModel.m */ = {isa = PBXFileReference; fileEncoding = 4; lastKnownFileType = sourcecode.c.objc; path = SleepModel.m; sourceTree = "<group>"; };
		DC62AABD1B15BBF900D96CC9 /* MedicineModel.h */ = {isa = PBXFileReference; fileEncoding = 4; lastKnownFileType = sourcecode.c.h; path = MedicineModel.h; sourceTree = "<group>"; };
		DC62AABE1B15BBF900D96CC9 /* MedicineModel.m */ = {isa = PBXFileReference; fileEncoding = 4; lastKnownFileType = sourcecode.c.objc; path = MedicineModel.m; sourceTree = "<group>"; };
		DC8FAA141AE1D39F00B8EE7F /* PooViewController.h */ = {isa = PBXFileReference; fileEncoding = 4; lastKnownFileType = sourcecode.c.h; path = PooViewController.h; sourceTree = "<group>"; };
		DC8FAA151AE1D39F00B8EE7F /* PooViewController.m */ = {isa = PBXFileReference; fileEncoding = 4; lastKnownFileType = sourcecode.c.objc; path = PooViewController.m; sourceTree = "<group>"; };
		DCBAC8C31B1BB27C0076FCDA /* ImFineWidget.appex */ = {isa = PBXFileReference; explicitFileType = "wrapper.app-extension"; includeInIndex = 0; path = ImFineWidget.appex; sourceTree = BUILT_PRODUCTS_DIR; };
		DCBAC8C71B1BB27C0076FCDA /* Info.plist */ = {isa = PBXFileReference; lastKnownFileType = text.plist.xml; path = Info.plist; sourceTree = "<group>"; };
		DCBAC8C81B1BB27C0076FCDA /* TodayViewController.h */ = {isa = PBXFileReference; lastKnownFileType = sourcecode.c.h; path = TodayViewController.h; sourceTree = "<group>"; };
		DCBAC8C91B1BB27C0076FCDA /* TodayViewController.m */ = {isa = PBXFileReference; lastKnownFileType = sourcecode.c.objc; path = TodayViewController.m; sourceTree = "<group>"; };
		DCBAC8CB1B1BB27C0076FCDA /* MainInterface.storyboard */ = {isa = PBXFileReference; lastKnownFileType = file.storyboard; path = MainInterface.storyboard; sourceTree = "<group>"; };
		DCBAC8D31B1BB8C20076FCDA /* ImFine_storyboard_samples.entitlements */ = {isa = PBXFileReference; lastKnownFileType = text.xml; path = ImFine_storyboard_samples.entitlements; sourceTree = "<group>"; };
		DCBAC8D41B1BB9A10076FCDA /* ImFineWidget.entitlements */ = {isa = PBXFileReference; lastKnownFileType = text.xml; path = ImFineWidget.entitlements; sourceTree = "<group>"; };
		F81E0D6E0B536082861FE4F3 /* Pods.debug.xcconfig */ = {isa = PBXFileReference; includeInIndex = 1; lastKnownFileType = text.xcconfig; name = Pods.debug.xcconfig; path = "Pods/Target Support Files/Pods/Pods.debug.xcconfig"; sourceTree = "<group>"; };
/* End PBXFileReference section */

/* Begin PBXFrameworksBuildPhase section */
		6F47E98E1ACE4ECC0030DFA8 /* Frameworks */ = {
			isa = PBXFrameworksBuildPhase;
			buildActionMask = 2147483647;
			files = (
				B5D449D5E14BE321B06D7ACA /* libPods.a in Frameworks */,
			);
			runOnlyForDeploymentPostprocessing = 0;
		};
		6F47E9A71ACE4ECC0030DFA8 /* Frameworks */ = {
			isa = PBXFrameworksBuildPhase;
			buildActionMask = 2147483647;
			files = (
			);
			runOnlyForDeploymentPostprocessing = 0;
		};
		DCBAC8C01B1BB27C0076FCDA /* Frameworks */ = {
			isa = PBXFrameworksBuildPhase;
			buildActionMask = 2147483647;
			files = (
				DCBAC8C41B1BB27C0076FCDA /* NotificationCenter.framework in Frameworks */,
			);
			runOnlyForDeploymentPostprocessing = 0;
		};
/* End PBXFrameworksBuildPhase section */

/* Begin PBXGroup section */
		18792A111AD28BDF00ACFD3A /* Frameworks */ = {
			isa = PBXGroup;
			children = (
				18792A121AD28BDF00ACFD3A /* NotificationCenter.framework */,
				CA3B6ED1ADC4A53141853BD3 /* libPods.a */,
			);
			name = Frameworks;
			sourceTree = "<group>";
		};
		18792A421AD3052100ACFD3A /* register */ = {
			isa = PBXGroup;
			children = (
				18792A381AD2B56400ACFD3A /* RegisterIDViewController.h */,
				18792A391AD2B56400ACFD3A /* RegisterIDViewController.m */,
				18792A4B1AD4801800ACFD3A /* RegisterIDModel.h */,
				18792A4C1AD4801800ACFD3A /* RegisterIDModel.m */,
			);
			name = register;
			sourceTree = "<group>";
		};
		18792A431AD3052300ACFD3A /* login */ = {
			isa = PBXGroup;
			children = (
				18792A481AD3DBA500ACFD3A /* LoginModel.h */,
				18792A491AD3DBA500ACFD3A /* LoginModel.m */,
				18792A351AD2B55300ACFD3A /* LoginViewController.h */,
				18792A361AD2B55300ACFD3A /* LoginViewController.m */,
			);
			name = login;
			sourceTree = "<group>";
		};
		18792A441AD3052500ACFD3A /* main */ = {
			isa = PBXGroup;
			children = (
				18792A261AD2AB5C00ACFD3A /* MainViewController.h */,
				18792A271AD2AB5C00ACFD3A /* MainViewController.m */,
				18792A451AD3117D00ACFD3A /* MainTableViewCell.h */,
				18792A461AD3117D00ACFD3A /* MainTableViewCell.m */,
				DC62825D1AEBFFC600906030 /* MainModel.h */,
				DC62825E1AEBFFC600906030 /* MainModel.m */,
			);
			name = main;
			sourceTree = "<group>";
		};
		6F47E9881ACE4ECC0030DFA8 = {
			isa = PBXGroup;
			children = (
				6F47E9931ACE4ECC0030DFA8 /* ImFine_storyboard_samples */,
				6F47E9AD1ACE4ECC0030DFA8 /* ImFine_storyboard_samplesTests */,
				DCBAC8C51B1BB27C0076FCDA /* ImFineWidget */,
				18792A111AD28BDF00ACFD3A /* Frameworks */,
				6F47E9921ACE4ECC0030DFA8 /* Products */,
				757840793CEE91A6CE3BD7A2 /* Pods */,
			);
			sourceTree = "<group>";
		};
		6F47E9921ACE4ECC0030DFA8 /* Products */ = {
			isa = PBXGroup;
			children = (
				6F47E9911ACE4ECC0030DFA8 /* ImFine_storyboard_samples.app */,
				6F47E9AA1ACE4ECC0030DFA8 /* ImFine_storyboard_samplesTests.xctest */,
				DCBAC8C31B1BB27C0076FCDA /* ImFineWidget.appex */,
			);
			name = Products;
			sourceTree = "<group>";
		};
		6F47E9931ACE4ECC0030DFA8 /* ImFine_storyboard_samples */ = {
			isa = PBXGroup;
			children = (
				DCBAC8D31B1BB8C20076FCDA /* ImFine_storyboard_samples.entitlements */,
				18792A431AD3052300ACFD3A /* login */,
				18792A421AD3052100ACFD3A /* register */,
				18792A441AD3052500ACFD3A /* main */,
				DC349A041AF0B2C9007C1DE8 /* mainDetail */,
				6F47E9A11ACE4ECC0030DFA8 /* Images.xcassets */,
				6F47E99E1ACE4ECC0030DFA8 /* Main.storyboard */,
				6F47E9A31ACE4ECC0030DFA8 /* LaunchScreen.xib */,
				DC349A051AF0B393007C1DE8 /* AppDelegate.h */,
				DC349A061AF0B393007C1DE8 /* AppDelegate.m */,
				6F47E9941ACE4ECC0030DFA8 /* Supporting Files */,
			);
			path = ImFine_storyboard_samples;
			sourceTree = "<group>";
		};
		6F47E9941ACE4ECC0030DFA8 /* Supporting Files */ = {
			isa = PBXGroup;
			children = (
				DC8FAA091AE1AA9500B8EE7F /* image */,
				6F47E9951ACE4ECC0030DFA8 /* Info.plist */,
				6F47E9961ACE4ECC0030DFA8 /* main.m */,
			);
			name = "Supporting Files";
			sourceTree = "<group>";
		};
		6F47E9AD1ACE4ECC0030DFA8 /* ImFine_storyboard_samplesTests */ = {
			isa = PBXGroup;
			children = (
				6F47E9B01ACE4ECC0030DFA8 /* ImFine_storyboard_samplesTests.m */,
				6F47E9AE1ACE4ECC0030DFA8 /* Supporting Files */,
			);
			path = ImFine_storyboard_samplesTests;
			sourceTree = "<group>";
		};
		6F47E9AE1ACE4ECC0030DFA8 /* Supporting Files */ = {
			isa = PBXGroup;
			children = (
				6F47E9AF1ACE4ECC0030DFA8 /* Info.plist */,
			);
			name = "Supporting Files";
			sourceTree = "<group>";
		};
		757840793CEE91A6CE3BD7A2 /* Pods */ = {
			isa = PBXGroup;
			children = (
				F81E0D6E0B536082861FE4F3 /* Pods.debug.xcconfig */,
				0DA2DE1DE44F14847A8D752F /* Pods.release.xcconfig */,
			);
			name = Pods;
			sourceTree = "<group>";
		};
		DC349A041AF0B2C9007C1DE8 /* mainDetail */ = {
			isa = PBXGroup;
			children = (
				18792A291AD2B3C800ACFD3A /* FeedingViewController.h */,
				18792A2A1AD2B3C800ACFD3A /* FeedingViewController.m */,
				DC62AAB41B15BBBD00D96CC9 /* FeedingModel.h */,
				DC62AAB51B15BBBD00D96CC9 /* FeedingModel.m */,
				DC8FAA141AE1D39F00B8EE7F /* PooViewController.h */,
				DC8FAA151AE1D39F00B8EE7F /* PooViewController.m */,
				DC62AAB71B15BBCC00D96CC9 /* PooModel.h */,
				DC62AAB81B15BBCC00D96CC9 /* PooModel.m */,
				18792A2C1AD2B40B00ACFD3A /* SleepViewController.h */,
				18792A2D1AD2B40B00ACFD3A /* SleepViewController.m */,
				DC62AABA1B15BBDA00D96CC9 /* SleepModel.h */,
				DC62AABB1B15BBDA00D96CC9 /* SleepModel.m */,
				18792A2F1AD2B42000ACFD3A /* MedicineViewController.h */,
				18792A301AD2B42000ACFD3A /* MedicineViewController.m */,
				DC62AABD1B15BBF900D96CC9 /* MedicineModel.h */,
				DC62AABE1B15BBF900D96CC9 /* MedicineModel.m */,
			);
			name = mainDetail;
			sourceTree = "<group>";
		};
		DC8FAA091AE1AA9500B8EE7F /* image */ = {
			isa = PBXGroup;
			children = (
				DC03326E1B1B987C00E5C917 /* feeding_white.png */,
				DC03326F1B1B987C00E5C917 /* medicine_white.png */,
				DC0332701B1B987C00E5C917 /* poo_white.png */,
				DC0332711B1B987C00E5C917 /* sleep_white.png */,
				DC0332661B1B0E0E00E5C917 /* feeding.png */,
				DC0332671B1B0E0E00E5C917 /* medicine.png */,
				DC0332681B1B0E0E00E5C917 /* poo.png */,
				DC0332691B1B0E0E00E5C917 /* sleep.png */,
			);
			name = image;
			sourceTree = "<group>";
		};
		DCBAC8C51B1BB27C0076FCDA /* ImFineWidget */ = {
			isa = PBXGroup;
			children = (
				DCBAC8D41B1BB9A10076FCDA /* ImFineWidget.entitlements */,
				DCBAC8C81B1BB27C0076FCDA /* TodayViewController.h */,
				DCBAC8C91B1BB27C0076FCDA /* TodayViewController.m */,
				DCBAC8CB1B1BB27C0076FCDA /* MainInterface.storyboard */,
				DCBAC8C61B1BB27C0076FCDA /* Supporting Files */,
			);
			path = ImFineWidget;
			sourceTree = "<group>";
		};
		DCBAC8C61B1BB27C0076FCDA /* Supporting Files */ = {
			isa = PBXGroup;
			children = (
				DCBAC8C71B1BB27C0076FCDA /* Info.plist */,
			);
			name = "Supporting Files";
			sourceTree = "<group>";
		};
/* End PBXGroup section */

/* Begin PBXNativeTarget section */
		6F47E9901ACE4ECC0030DFA8 /* ImFine_storyboard_samples */ = {
			isa = PBXNativeTarget;
			buildConfigurationList = 6F47E9B41ACE4ECC0030DFA8 /* Build configuration list for PBXNativeTarget "ImFine_storyboard_samples" */;
			buildPhases = (
				1E5BABC034E35AB430DDA7AA /* Check Pods Manifest.lock */,
				6F47E98D1ACE4ECC0030DFA8 /* Sources */,
				6F47E98E1ACE4ECC0030DFA8 /* Frameworks */,
				6F47E98F1ACE4ECC0030DFA8 /* Resources */,
				18792A221AD28BDF00ACFD3A /* Embed App Extensions */,
				F7E7D1C49C9FA92906E1D678 /* Copy Pods Resources */,
			);
			buildRules = (
			);
			dependencies = (
				DCBAC8CE1B1BB27C0076FCDA /* PBXTargetDependency */,
			);
			name = ImFine_storyboard_samples;
			productName = ImFine_storyboard_samples;
			productReference = 6F47E9911ACE4ECC0030DFA8 /* ImFine_storyboard_samples.app */;
			productType = "com.apple.product-type.application";
		};
		6F47E9A91ACE4ECC0030DFA8 /* ImFine_storyboard_samplesTests */ = {
			isa = PBXNativeTarget;
			buildConfigurationList = 6F47E9B71ACE4ECC0030DFA8 /* Build configuration list for PBXNativeTarget "ImFine_storyboard_samplesTests" */;
			buildPhases = (
				6F47E9A61ACE4ECC0030DFA8 /* Sources */,
				6F47E9A71ACE4ECC0030DFA8 /* Frameworks */,
				6F47E9A81ACE4ECC0030DFA8 /* Resources */,
			);
			buildRules = (
			);
			dependencies = (
				6F47E9AC1ACE4ECC0030DFA8 /* PBXTargetDependency */,
			);
			name = ImFine_storyboard_samplesTests;
			productName = ImFine_storyboard_samplesTests;
			productReference = 6F47E9AA1ACE4ECC0030DFA8 /* ImFine_storyboard_samplesTests.xctest */;
			productType = "com.apple.product-type.bundle.unit-test";
		};
		DCBAC8C21B1BB27C0076FCDA /* ImFineWidget */ = {
			isa = PBXNativeTarget;
			buildConfigurationList = DCBAC8D01B1BB27D0076FCDA /* Build configuration list for PBXNativeTarget "ImFineWidget" */;
			buildPhases = (
				DCBAC8BF1B1BB27C0076FCDA /* Sources */,
				DCBAC8C01B1BB27C0076FCDA /* Frameworks */,
				DCBAC8C11B1BB27C0076FCDA /* Resources */,
			);
			buildRules = (
			);
			dependencies = (
			);
			name = ImFineWidget;
			productName = ImFineWidget;
			productReference = DCBAC8C31B1BB27C0076FCDA /* ImFineWidget.appex */;
			productType = "com.apple.product-type.app-extension";
		};
/* End PBXNativeTarget section */

/* Begin PBXProject section */
		6F47E9891ACE4ECC0030DFA8 /* Project object */ = {
			isa = PBXProject;
			attributes = {
				LastUpgradeCheck = 0610;
				ORGANIZATIONNAME = yunseo;
				TargetAttributes = {
					6F47E9901ACE4ECC0030DFA8 = {
						CreatedOnToolsVersion = 6.1.1;
						DevelopmentTeam = CAR2QJ93ZS;
						SystemCapabilities = {
							com.apple.ApplicationGroups.iOS = {
								enabled = 1;
							};
						};
					};
					6F47E9A91ACE4ECC0030DFA8 = {
						CreatedOnToolsVersion = 6.1.1;
						TestTargetID = 6F47E9901ACE4ECC0030DFA8;
					};
					DCBAC8C21B1BB27C0076FCDA = {
						CreatedOnToolsVersion = 6.3.2;
						DevelopmentTeam = CAR2QJ93ZS;
						SystemCapabilities = {
							com.apple.ApplicationGroups.iOS = {
								enabled = 1;
							};
						};
					};
				};
			};
			buildConfigurationList = 6F47E98C1ACE4ECC0030DFA8 /* Build configuration list for PBXProject "ImFine_storyboard_samples" */;
			compatibilityVersion = "Xcode 3.2";
			developmentRegion = English;
			hasScannedForEncodings = 0;
			knownRegions = (
				en,
				Base,
			);
			mainGroup = 6F47E9881ACE4ECC0030DFA8;
			productRefGroup = 6F47E9921ACE4ECC0030DFA8 /* Products */;
			projectDirPath = "";
			projectRoot = "";
			targets = (
				6F47E9901ACE4ECC0030DFA8 /* ImFine_storyboard_samples */,
				6F47E9A91ACE4ECC0030DFA8 /* ImFine_storyboard_samplesTests */,
				DCBAC8C21B1BB27C0076FCDA /* ImFineWidget */,
			);
		};
/* End PBXProject section */

/* Begin PBXResourcesBuildPhase section */
		6F47E98F1ACE4ECC0030DFA8 /* Resources */ = {
			isa = PBXResourcesBuildPhase;
			buildActionMask = 2147483647;
			files = (
				DC03326D1B1B0E0E00E5C917 /* sleep.png in Resources */,
				DC03326C1B1B0E0E00E5C917 /* poo.png in Resources */,
				DC03326A1B1B0E0E00E5C917 /* feeding.png in Resources */,
				DCBAC8D81B1BECA40076FCDA /* ImFineWidget.entitlements in Resources */,
				DC0332731B1B987C00E5C917 /* medicine_white.png in Resources */,
				6F47E9A01ACE4ECC0030DFA8 /* Main.storyboard in Resources */,
				6F47E9A51ACE4ECC0030DFA8 /* LaunchScreen.xib in Resources */,
				DC03326B1B1B0E0E00E5C917 /* medicine.png in Resources */,
				DC0332721B1B987C00E5C917 /* feeding_white.png in Resources */,
				DCBAC8D61B1BEC9C0076FCDA /* ImFine_storyboard_samples.entitlements in Resources */,
				DC0332741B1B987C00E5C917 /* poo_white.png in Resources */,
				DC0332751B1B987C00E5C917 /* sleep_white.png in Resources */,
				6F47E9A21ACE4ECC0030DFA8 /* Images.xcassets in Resources */,
			);
			runOnlyForDeploymentPostprocessing = 0;
		};
		6F47E9A81ACE4ECC0030DFA8 /* Resources */ = {
			isa = PBXResourcesBuildPhase;
			buildActionMask = 2147483647;
			files = (
			);
			runOnlyForDeploymentPostprocessing = 0;
		};
		DCBAC8C11B1BB27C0076FCDA /* Resources */ = {
			isa = PBXResourcesBuildPhase;
			buildActionMask = 2147483647;
			files = (
				DCBAC8CC1B1BB27C0076FCDA /* MainInterface.storyboard in Resources */,
				DCBAC8D51B1BEC960076FCDA /* Images.xcassets in Resources */,
				DCBAC8D71B1BEC9D0076FCDA /* ImFine_storyboard_samples.entitlements in Resources */,
				DCBAC8D91B1BECA40076FCDA /* ImFineWidget.entitlements in Resources */,
			);
			runOnlyForDeploymentPostprocessing = 0;
		};
/* End PBXResourcesBuildPhase section */

/* Begin PBXShellScriptBuildPhase section */
		1E5BABC034E35AB430DDA7AA /* Check Pods Manifest.lock */ = {
			isa = PBXShellScriptBuildPhase;
			buildActionMask = 2147483647;
			files = (
			);
			inputPaths = (
			);
			name = "Check Pods Manifest.lock";
			outputPaths = (
			);
			runOnlyForDeploymentPostprocessing = 0;
			shellPath = /bin/sh;
			shellScript = "diff \"${PODS_ROOT}/../Podfile.lock\" \"${PODS_ROOT}/Manifest.lock\" > /dev/null\nif [[ $? != 0 ]] ; then\n    cat << EOM\nerror: The sandbox is not in sync with the Podfile.lock. Run 'pod install' or update your CocoaPods installation.\nEOM\n    exit 1\nfi\n";
			showEnvVarsInLog = 0;
		};
		F7E7D1C49C9FA92906E1D678 /* Copy Pods Resources */ = {
			isa = PBXShellScriptBuildPhase;
			buildActionMask = 2147483647;
			files = (
			);
			inputPaths = (
			);
			name = "Copy Pods Resources";
			outputPaths = (
			);
			runOnlyForDeploymentPostprocessing = 0;
			shellPath = /bin/sh;
			shellScript = "\"${SRCROOT}/Pods/Target Support Files/Pods/Pods-resources.sh\"\n";
			showEnvVarsInLog = 0;
		};
/* End PBXShellScriptBuildPhase section */

/* Begin PBXSourcesBuildPhase section */
		6F47E98D1ACE4ECC0030DFA8 /* Sources */ = {
			isa = PBXSourcesBuildPhase;
			buildActionMask = 2147483647;
			files = (
				DC62AAB61B15BBBD00D96CC9 /* FeedingModel.m in Sources */,
				DC62AABC1B15BBDA00D96CC9 /* SleepModel.m in Sources */,
				18792A2E1AD2B40B00ACFD3A /* SleepViewController.m in Sources */,
				18792A471AD3117D00ACFD3A /* MainTableViewCell.m in Sources */,
				18792A3A1AD2B56400ACFD3A /* RegisterIDViewController.m in Sources */,
				DC62AAB91B15BBCC00D96CC9 /* PooModel.m in Sources */,
				18792A311AD2B42000ACFD3A /* MedicineViewController.m in Sources */,
				18792A4D1AD4801800ACFD3A /* RegisterIDModel.m in Sources */,
				DC62825F1AEBFFC600906030 /* MainModel.m in Sources */,
				18792A4A1AD3DBA500ACFD3A /* LoginModel.m in Sources */,
				DC62AABF1B15BBF900D96CC9 /* MedicineModel.m in Sources */,
				DC349A071AF0B393007C1DE8 /* AppDelegate.m in Sources */,
				DC8FAA161AE1D39F00B8EE7F /* PooViewController.m in Sources */,
				18792A371AD2B55300ACFD3A /* LoginViewController.m in Sources */,
				6F47E9971ACE4ECC0030DFA8 /* main.m in Sources */,
				18792A281AD2AB5C00ACFD3A /* MainViewController.m in Sources */,
				18792A2B1AD2B3C800ACFD3A /* FeedingViewController.m in Sources */,
			);
			runOnlyForDeploymentPostprocessing = 0;
		};
		6F47E9A61ACE4ECC0030DFA8 /* Sources */ = {
			isa = PBXSourcesBuildPhase;
			buildActionMask = 2147483647;
			files = (
				6F47E9B11ACE4ECC0030DFA8 /* ImFine_storyboard_samplesTests.m in Sources */,
			);
			runOnlyForDeploymentPostprocessing = 0;
		};
		DCBAC8BF1B1BB27C0076FCDA /* Sources */ = {
			isa = PBXSourcesBuildPhase;
			buildActionMask = 2147483647;
			files = (
				DCBAC8CA1B1BB27C0076FCDA /* TodayViewController.m in Sources */,
			);
			runOnlyForDeploymentPostprocessing = 0;
		};
/* End PBXSourcesBuildPhase section */

/* Begin PBXTargetDependency section */
		6F47E9AC1ACE4ECC0030DFA8 /* PBXTargetDependency */ = {
			isa = PBXTargetDependency;
			target = 6F47E9901ACE4ECC0030DFA8 /* ImFine_storyboard_samples */;
			targetProxy = 6F47E9AB1ACE4ECC0030DFA8 /* PBXContainerItemProxy */;
		};
		DCBAC8CE1B1BB27C0076FCDA /* PBXTargetDependency */ = {
			isa = PBXTargetDependency;
			target = DCBAC8C21B1BB27C0076FCDA /* ImFineWidget */;
			targetProxy = DCBAC8CD1B1BB27C0076FCDA /* PBXContainerItemProxy */;
		};
/* End PBXTargetDependency section */

/* Begin PBXVariantGroup section */
		6F47E99E1ACE4ECC0030DFA8 /* Main.storyboard */ = {
			isa = PBXVariantGroup;
			children = (
				6F47E99F1ACE4ECC0030DFA8 /* Base */,
			);
			name = Main.storyboard;
			sourceTree = "<group>";
		};
		6F47E9A31ACE4ECC0030DFA8 /* LaunchScreen.xib */ = {
			isa = PBXVariantGroup;
			children = (
				6F47E9A41ACE4ECC0030DFA8 /* Base */,
			);
			name = LaunchScreen.xib;
			sourceTree = "<group>";
		};
/* End PBXVariantGroup section */

/* Begin XCBuildConfiguration section */
		6F47E9B21ACE4ECC0030DFA8 /* Debug */ = {
			isa = XCBuildConfiguration;
			buildSettings = {
				ALWAYS_SEARCH_USER_PATHS = NO;
				CLANG_CXX_LANGUAGE_STANDARD = "gnu++0x";
				CLANG_CXX_LIBRARY = "libc++";
				CLANG_ENABLE_MODULES = YES;
				CLANG_ENABLE_OBJC_ARC = YES;
				CLANG_WARN_BOOL_CONVERSION = YES;
				CLANG_WARN_CONSTANT_CONVERSION = YES;
				CLANG_WARN_DIRECT_OBJC_ISA_USAGE = YES_ERROR;
				CLANG_WARN_EMPTY_BODY = YES;
				CLANG_WARN_ENUM_CONVERSION = YES;
				CLANG_WARN_INT_CONVERSION = YES;
				CLANG_WARN_OBJC_ROOT_CLASS = YES_ERROR;
				CLANG_WARN_UNREACHABLE_CODE = YES;
				CLANG_WARN__DUPLICATE_METHOD_MATCH = YES;
				"CODE_SIGN_IDENTITY[sdk=iphoneos*]" = "iPhone Developer";
				COPY_PHASE_STRIP = NO;
				ENABLE_STRICT_OBJC_MSGSEND = YES;
				GCC_C_LANGUAGE_STANDARD = gnu99;
				GCC_DYNAMIC_NO_PIC = NO;
				GCC_OPTIMIZATION_LEVEL = 0;
				GCC_PREPROCESSOR_DEFINITIONS = (
					"DEBUG=1",
					"$(inherited)",
				);
				GCC_SYMBOLS_PRIVATE_EXTERN = NO;
				GCC_WARN_64_TO_32_BIT_CONVERSION = YES;
				GCC_WARN_ABOUT_RETURN_TYPE = YES_ERROR;
				GCC_WARN_UNDECLARED_SELECTOR = YES;
				GCC_WARN_UNINITIALIZED_AUTOS = YES_AGGRESSIVE;
				GCC_WARN_UNUSED_FUNCTION = YES;
				GCC_WARN_UNUSED_VARIABLE = YES;
				IPHONEOS_DEPLOYMENT_TARGET = 8.1;
				MTL_ENABLE_DEBUG_INFO = YES;
				ONLY_ACTIVE_ARCH = YES;
				SDKROOT = iphoneos;
			};
			name = Debug;
		};
		6F47E9B31ACE4ECC0030DFA8 /* Release */ = {
			isa = XCBuildConfiguration;
			buildSettings = {
				ALWAYS_SEARCH_USER_PATHS = NO;
				CLANG_CXX_LANGUAGE_STANDARD = "gnu++0x";
				CLANG_CXX_LIBRARY = "libc++";
				CLANG_ENABLE_MODULES = YES;
				CLANG_ENABLE_OBJC_ARC = YES;
				CLANG_WARN_BOOL_CONVERSION = YES;
				CLANG_WARN_CONSTANT_CONVERSION = YES;
				CLANG_WARN_DIRECT_OBJC_ISA_USAGE = YES_ERROR;
				CLANG_WARN_EMPTY_BODY = YES;
				CLANG_WARN_ENUM_CONVERSION = YES;
				CLANG_WARN_INT_CONVERSION = YES;
				CLANG_WARN_OBJC_ROOT_CLASS = YES_ERROR;
				CLANG_WARN_UNREACHABLE_CODE = YES;
				CLANG_WARN__DUPLICATE_METHOD_MATCH = YES;
				"CODE_SIGN_IDENTITY[sdk=iphoneos*]" = "iPhone Developer";
				COPY_PHASE_STRIP = YES;
				ENABLE_NS_ASSERTIONS = NO;
				ENABLE_STRICT_OBJC_MSGSEND = YES;
				GCC_C_LANGUAGE_STANDARD = gnu99;
				GCC_WARN_64_TO_32_BIT_CONVERSION = YES;
				GCC_WARN_ABOUT_RETURN_TYPE = YES_ERROR;
				GCC_WARN_UNDECLARED_SELECTOR = YES;
				GCC_WARN_UNINITIALIZED_AUTOS = YES_AGGRESSIVE;
				GCC_WARN_UNUSED_FUNCTION = YES;
				GCC_WARN_UNUSED_VARIABLE = YES;
				IPHONEOS_DEPLOYMENT_TARGET = 8.1;
				MTL_ENABLE_DEBUG_INFO = NO;
				SDKROOT = iphoneos;
				VALIDATE_PRODUCT = YES;
			};
			name = Release;
		};
		6F47E9B51ACE4ECC0030DFA8 /* Debug */ = {
			isa = XCBuildConfiguration;
			baseConfigurationReference = F81E0D6E0B536082861FE4F3 /* Pods.debug.xcconfig */;
			buildSettings = {
				ASSETCATALOG_COMPILER_APPICON_NAME = AppIcon;
				CODE_SIGN_ENTITLEMENTS = ImFine_storyboard_samples/ImFine_storyboard_samples.entitlements;
				CODE_SIGN_IDENTITY = "iPhone Developer";
				"CODE_SIGN_IDENTITY[sdk=iphoneos*]" = "iPhone Developer";
				INFOPLIST_FILE = ImFine_storyboard_samples/Info.plist;
				LD_RUNPATH_SEARCH_PATHS = "$(inherited) @executable_path/Frameworks";
				PRODUCT_NAME = "$(TARGET_NAME)";
				PROVISIONING_PROFILE = "";
			};
			name = Debug;
		};
		6F47E9B61ACE4ECC0030DFA8 /* Release */ = {
			isa = XCBuildConfiguration;
			baseConfigurationReference = 0DA2DE1DE44F14847A8D752F /* Pods.release.xcconfig */;
			buildSettings = {
				ASSETCATALOG_COMPILER_APPICON_NAME = AppIcon;
				CODE_SIGN_ENTITLEMENTS = ImFine_storyboard_samples/ImFine_storyboard_samples.entitlements;
				CODE_SIGN_IDENTITY = "iPhone Developer";
				"CODE_SIGN_IDENTITY[sdk=iphoneos*]" = "iPhone Developer";
				INFOPLIST_FILE = ImFine_storyboard_samples/Info.plist;
				LD_RUNPATH_SEARCH_PATHS = "$(inherited) @executable_path/Frameworks";
				PRODUCT_NAME = "$(TARGET_NAME)";
				PROVISIONING_PROFILE = "";
			};
			name = Release;
		};
		6F47E9B81ACE4ECC0030DFA8 /* Debug */ = {
			isa = XCBuildConfiguration;
			buildSettings = {
				BUNDLE_LOADER = "$(TEST_HOST)";
				FRAMEWORK_SEARCH_PATHS = (
					"$(SDKROOT)/Developer/Library/Frameworks",
					"$(inherited)",
				);
				GCC_PREPROCESSOR_DEFINITIONS = (
					"DEBUG=1",
					"$(inherited)",
				);
				INFOPLIST_FILE = ImFine_storyboard_samplesTests/Info.plist;
				LD_RUNPATH_SEARCH_PATHS = "$(inherited) @executable_path/Frameworks @loader_path/Frameworks";
				PRODUCT_NAME = "$(TARGET_NAME)";
				TEST_HOST = "$(BUILT_PRODUCTS_DIR)/ImFine_storyboard_samples.app/ImFine_storyboard_samples";
			};
			name = Debug;
		};
		6F47E9B91ACE4ECC0030DFA8 /* Release */ = {
			isa = XCBuildConfiguration;
			buildSettings = {
				BUNDLE_LOADER = "$(TEST_HOST)";
				FRAMEWORK_SEARCH_PATHS = (
					"$(SDKROOT)/Developer/Library/Frameworks",
					"$(inherited)",
				);
				INFOPLIST_FILE = ImFine_storyboard_samplesTests/Info.plist;
				LD_RUNPATH_SEARCH_PATHS = "$(inherited) @executable_path/Frameworks @loader_path/Frameworks";
				PRODUCT_NAME = "$(TARGET_NAME)";
				TEST_HOST = "$(BUILT_PRODUCTS_DIR)/ImFine_storyboard_samples.app/ImFine_storyboard_samples";
			};
			name = Release;
		};
		DCBAC8D11B1BB27D0076FCDA /* Debug */ = {
			isa = XCBuildConfiguration;
			buildSettings = {
				CODE_SIGN_ENTITLEMENTS = ImFineWidget/ImFineWidget.entitlements;
				CODE_SIGN_IDENTITY = "iPhone Developer";
				"CODE_SIGN_IDENTITY[sdk=iphoneos*]" = "iPhone Developer";
				DEBUG_INFORMATION_FORMAT = "dwarf-with-dsym";
				GCC_NO_COMMON_BLOCKS = YES;
				GCC_PREPROCESSOR_DEFINITIONS = (
					"DEBUG=1",
					"$(inherited)",
				);
				INFOPLIST_FILE = ImFineWidget/Info.plist;
				IPHONEOS_DEPLOYMENT_TARGET = 8.3;
				LD_RUNPATH_SEARCH_PATHS = "$(inherited) @executable_path/Frameworks @executable_path/../../Frameworks";
				PRODUCT_NAME = "$(TARGET_NAME)";
				PROVISIONING_PROFILE = "";
				SKIP_INSTALL = YES;
			};
			name = Debug;
		};
		DCBAC8D21B1BB27D0076FCDA /* Release */ = {
			isa = XCBuildConfiguration;
			buildSettings = {
				CODE_SIGN_ENTITLEMENTS = ImFineWidget/ImFineWidget.entitlements;
				CODE_SIGN_IDENTITY = "iPhone Developer";
				"CODE_SIGN_IDENTITY[sdk=iphoneos*]" = "iPhone Developer";
				COPY_PHASE_STRIP = NO;
				DEBUG_INFORMATION_FORMAT = "dwarf-with-dsym";
				GCC_NO_COMMON_BLOCKS = YES;
				INFOPLIST_FILE = ImFineWidget/Info.plist;
				IPHONEOS_DEPLOYMENT_TARGET = 8.3;
				LD_RUNPATH_SEARCH_PATHS = "$(inherited) @executable_path/Frameworks @executable_path/../../Frameworks";
				PRODUCT_NAME = "$(TARGET_NAME)";
				PROVISIONING_PROFILE = "";
				SKIP_INSTALL = YES;
			};
			name = Release;
		};
/* End XCBuildConfiguration section */

/* Begin XCConfigurationList section */
		6F47E98C1ACE4ECC0030DFA8 /* Build configuration list for PBXProject "ImFine_storyboard_samples" */ = {
			isa = XCConfigurationList;
			buildConfigurations = (
				6F47E9B21ACE4ECC0030DFA8 /* Debug */,
				6F47E9B31ACE4ECC0030DFA8 /* Release */,
			);
			defaultConfigurationIsVisible = 0;
			defaultConfigurationName = Release;
		};
		6F47E9B41ACE4ECC0030DFA8 /* Build configuration list for PBXNativeTarget "ImFine_storyboard_samples" */ = {
			isa = XCConfigurationList;
			buildConfigurations = (
				6F47E9B51ACE4ECC0030DFA8 /* Debug */,
				6F47E9B61ACE4ECC0030DFA8 /* Release */,
			);
			defaultConfigurationIsVisible = 0;
			defaultConfigurationName = Release;
		};
		6F47E9B71ACE4ECC0030DFA8 /* Build configuration list for PBXNativeTarget "ImFine_storyboard_samplesTests" */ = {
			isa = XCConfigurationList;
			buildConfigurations = (
				6F47E9B81ACE4ECC0030DFA8 /* Debug */,
				6F47E9B91ACE4ECC0030DFA8 /* Release */,
			);
			defaultConfigurationIsVisible = 0;
			defaultConfigurationName = Release;
		};
		DCBAC8D01B1BB27D0076FCDA /* Build configuration list for PBXNativeTarget "ImFineWidget" */ = {
			isa = XCConfigurationList;
			buildConfigurations = (
				DCBAC8D11B1BB27D0076FCDA /* Debug */,
				DCBAC8D21B1BB27D0076FCDA /* Release */,
			);
			defaultConfigurationIsVisible = 0;
			defaultConfigurationName = Release;
		};
/* End XCConfigurationList section */
	};
	rootObject = 6F47E9891ACE4ECC0030DFA8 /* Project object */;
}
